// !$*UTF8*$!
{
	archiveVersion = 1;
	classes = {
	};
	objectVersion = 46;
	objects = {

/* Begin PBXBuildFile section */
		321F94FE199FC12D2DE21886 /* Pods_Dwink.framework in Frameworks */ = {isa = PBXBuildFile; fileRef = 112036BDBD1C3972B5AAFD5B /* Pods_Dwink.framework */; };
		AF01F9481CD6E2BB00A27CFE /* CommonAPI.m in Sources */ = {isa = PBXBuildFile; fileRef = AF01F9471CD6E2BB00A27CFE /* CommonAPI.m */; };
		AF06B63B1D8E6AEF00FD6B7E /* UploadingHintView.m in Sources */ = {isa = PBXBuildFile; fileRef = AF06B63A1D8E6AEF00FD6B7E /* UploadingHintView.m */; };
		AF08286A1C8E6B7E008BF310 /* LoginAPI.m in Sources */ = {isa = PBXBuildFile; fileRef = AF0828691C8E6B7E008BF310 /* LoginAPI.m */; };
		AF212A2A1D2F75FF00E3B0EF /* HomeCellViewModel.m in Sources */ = {isa = PBXBuildFile; fileRef = AF212A291D2F75FF00E3B0EF /* HomeCellViewModel.m */; };
		AF212A311D2F875000E3B0EF /* CoreDataProcessor.m in Sources */ = {isa = PBXBuildFile; fileRef = AF212A301D2F875000E3B0EF /* CoreDataProcessor.m */; };
		AF212A351D2F8CDD00E3B0EF /* UserAuthorizationManager.m in Sources */ = {isa = PBXBuildFile; fileRef = AF212A341D2F8CDD00E3B0EF /* UserAuthorizationManager.m */; };
		AF242A7B1CD5BAA700C9E5C2 /* .gitignore in Resources */ = {isa = PBXBuildFile; fileRef = AF242A7A1CD5BAA700C9E5C2 /* .gitignore */; };
		AF2E33381C9A062500D70A48 /* SocialAPI.m in Sources */ = {isa = PBXBuildFile; fileRef = AF2E33371C9A062500D70A48 /* SocialAPI.m */; };
		AF2E333E1C9A135900D70A48 /* UserInfo.m in Sources */ = {isa = PBXBuildFile; fileRef = AF2E333D1C9A135900D70A48 /* UserInfo.m */; };
		AF2FF86D1D643EBD00850AF8 /* UserInfoNotification.m in Sources */ = {isa = PBXBuildFile; fileRef = AF2FF86C1D643EBD00850AF8 /* UserInfoNotification.m */; };
		AF47DBB51C8AB0960062A9A2 /* CustomTabBarController.m in Sources */ = {isa = PBXBuildFile; fileRef = AF47DBB31C8AB0960062A9A2 /* CustomTabBarController.m */; };
		AF47DBC21C8AC4470062A9A2 /* CustomStoryboard.storyboard in Resources */ = {isa = PBXBuildFile; fileRef = AF47DBC11C8AC4470062A9A2 /* CustomStoryboard.storyboard */; };
		AF47DBC51C8AC7450062A9A2 /* MoreTableViewController.m in Sources */ = {isa = PBXBuildFile; fileRef = AF47DBC41C8AC7450062A9A2 /* MoreTableViewController.m */; };
		AF4A610D1D57E67F00B8C7EA /* DetailImageViewController.m in Sources */ = {isa = PBXBuildFile; fileRef = AF4A610C1D57E67F00B8C7EA /* DetailImageViewController.m */; };
		AF4A61141D58654F00B8C7EA /* DetailImageNavController.m in Sources */ = {isa = PBXBuildFile; fileRef = AF4A61131D58654F00B8C7EA /* DetailImageNavController.m */; };
		AF5B83051D9E1132001B3F93 /* PublicVariables.m in Sources */ = {isa = PBXBuildFile; fileRef = AF5B83041D9E1132001B3F93 /* PublicVariables.m */; };
		AF5B83081D9E135F001B3F93 /* HomeTableViewNoImageCell.m in Sources */ = {isa = PBXBuildFile; fileRef = AF5B83071D9E135F001B3F93 /* HomeTableViewNoImageCell.m */; };
		AF60E55F1D6D3ACE00A12574 /* CommentModel.m in Sources */ = {isa = PBXBuildFile; fileRef = AF60E55E1D6D3ACE00A12574 /* CommentModel.m */; };
		AF6A3D031D754F840012F308 /* ImageManager.m in Sources */ = {isa = PBXBuildFile; fileRef = AF6A3D021D754F840012F308 /* ImageManager.m */; };
		AF6A604F1C88FB8000AF96B8 /* InfoSignUpViewController.m in Sources */ = {isa = PBXBuildFile; fileRef = AF6A604D1C88FB8000AF96B8 /* InfoSignUpViewController.m */; };
		AF6F20061D7A87A600B23A97 /* BulletinModel.m in Sources */ = {isa = PBXBuildFile; fileRef = AF6F20051D7A87A600B23A97 /* BulletinModel.m */; };
		AF8C38201E00E8EC000B66D0 /* VerifyNumViewController.m in Sources */ = {isa = PBXBuildFile; fileRef = AF8C381F1E00E8EC000B66D0 /* VerifyNumViewController.m */; };
		AF93A5201DF40D6000248305 /* CountriesWithPhoneCodes.plist in Resources */ = {isa = PBXBuildFile; fileRef = AF93A51F1DF40D6000248305 /* CountriesWithPhoneCodes.plist */; };
		AF985E811D41DE220088ECF9 /* UserInfoTableViewController.m in Sources */ = {isa = PBXBuildFile; fileRef = AF985E801D41DE220088ECF9 /* UserInfoTableViewController.m */; };
		AF985E851D41DE9C0088ECF9 /* UserInfoTableViewCell.m in Sources */ = {isa = PBXBuildFile; fileRef = AF985E831D41DE9C0088ECF9 /* UserInfoTableViewCell.m */; };
		AF985E8A1D41DEAE0088ECF9 /* CommentTableViewCell.m in Sources */ = {isa = PBXBuildFile; fileRef = AF985E881D41DEAE0088ECF9 /* CommentTableViewCell.m */; };
		AF985E8E1D41DF7F0088ECF9 /* FunctionAPI.m in Sources */ = {isa = PBXBuildFile; fileRef = AF985E8D1D41DF7F0088ECF9 /* FunctionAPI.m */; };
		AF985E921D4457280088ECF9 /* SocialTableViewConfigure.m in Sources */ = {isa = PBXBuildFile; fileRef = AF985E911D4457280088ECF9 /* SocialTableViewConfigure.m */; };
		AF9B0B4D1D6A930E002F3118 /* UserInfo.storyboard in Resources */ = {isa = PBXBuildFile; fileRef = AF9B0B4C1D6A930E002F3118 /* UserInfo.storyboard */; };
		AFA3B66B1C91380E006C7137 /* Assets.xcassets in Resources */ = {isa = PBXBuildFile; fileRef = AFDBA4AC1C83944200E94D20 /* Assets.xcassets */; };
		AFA7DA7C1D530715009412C2 /* UserInformationViewModel.m in Sources */ = {isa = PBXBuildFile; fileRef = AFA7DA7B1D530715009412C2 /* UserInformationViewModel.m */; };
		AFA7DA811D55BB49009412C2 /* EditProfileTableViewController.m in Sources */ = {isa = PBXBuildFile; fileRef = AFA7DA801D55BB49009412C2 /* EditProfileTableViewController.m */; };
		AFAA861B1C9F870D00CB8DE6 /* SignUpAPI.m in Sources */ = {isa = PBXBuildFile; fileRef = AFAA861A1C9F870D00CB8DE6 /* SignUpAPI.m */; };
		AFAD03541CB301E6000BA038 /* ReportProblemViewController.m in Sources */ = {isa = PBXBuildFile; fileRef = AFAD03531CB301E6000BA038 /* ReportProblemViewController.m */; };
		AFAD035C1CB36955000BA038 /* ContactsTableViewController.m in Sources */ = {isa = PBXBuildFile; fileRef = AFAD035B1CB36955000BA038 /* ContactsTableViewController.m */; };
		AFAD03631CB36E3B000BA038 /* ContactsTableViewCell.m in Sources */ = {isa = PBXBuildFile; fileRef = AFAD03611CB36E3B000BA038 /* ContactsTableViewCell.m */; };
		AFAD036C1CB3765C000BA038 /* DwinkUsersTableViewController.m in Sources */ = {isa = PBXBuildFile; fileRef = AFAD036B1CB3765C000BA038 /* DwinkUsersTableViewController.m */; };
		AFAD03701CB3766B000BA038 /* DwinkUsersTableViewCell.m in Sources */ = {isa = PBXBuildFile; fileRef = AFAD036E1CB3766B000BA038 /* DwinkUsersTableViewCell.m */; };
		AFC92AB41D335CAC001D1579 /* ResetPasswordViewController.m in Sources */ = {isa = PBXBuildFile; fileRef = AFC92AB31D335CAC001D1579 /* ResetPasswordViewController.m */; };
		AFC92AB81D3368EB001D1579 /* HomeTableViewOneLineImagesCell.m in Sources */ = {isa = PBXBuildFile; fileRef = AFC92AB61D3368EB001D1579 /* HomeTableViewOneLineImagesCell.m */; };
		AFC92AC01D336915001D1579 /* HomeTableViewOneImageCell.m in Sources */ = {isa = PBXBuildFile; fileRef = AFC92ABE1D336915001D1579 /* HomeTableViewOneImageCell.m */; };
		AFD372041D90D01900E77BF2 /* MentionTableViewCell.m in Sources */ = {isa = PBXBuildFile; fileRef = AFD372031D90D01900E77BF2 /* MentionTableViewCell.m */; };
		AFDBA49F1C83944200E94D20 /* main.m in Sources */ = {isa = PBXBuildFile; fileRef = AFDBA49E1C83944200E94D20 /* main.m */; };
		AFDBA4A21C83944200E94D20 /* AppDelegate.m in Sources */ = {isa = PBXBuildFile; fileRef = AFDBA4A11C83944200E94D20 /* AppDelegate.m */; };
		AFDBA4A51C83944200E94D20 /* LoginViewController.m in Sources */ = {isa = PBXBuildFile; fileRef = AFDBA4A41C83944200E94D20 /* LoginViewController.m */; };
		AFDBA4AB1C83944200E94D20 /* Dwink.xcdatamodeld in Sources */ = {isa = PBXBuildFile; fileRef = AFDBA4A91C83944200E94D20 /* Dwink.xcdatamodeld */; };
		AFDBA4B01C83944200E94D20 /* LaunchScreen.storyboard in Resources */ = {isa = PBXBuildFile; fileRef = AFDBA4AE1C83944200E94D20 /* LaunchScreen.storyboard */; };
		AFDBA4C11C83969E00E94D20 /* HomeTableViewController.m in Sources */ = {isa = PBXBuildFile; fileRef = AFDBA4BF1C83969E00E94D20 /* HomeTableViewController.m */; };
		AFDBA4C61C839C8400E94D20 /* HomeTableViewTwoLinesImagesCell.m in Sources */ = {isa = PBXBuildFile; fileRef = AFDBA4C41C839C8400E94D20 /* HomeTableViewTwoLinesImagesCell.m */; };
		AFDBA4CB1C8423EA00E94D20 /* BulletinTableViewController.m in Sources */ = {isa = PBXBuildFile; fileRef = AFDBA4C91C8423EA00E94D20 /* BulletinTableViewController.m */; };
		AFDBA4D01C84248D00E94D20 /* BulletinTableViewCell.m in Sources */ = {isa = PBXBuildFile; fileRef = AFDBA4CE1C84248D00E94D20 /* BulletinTableViewCell.m */; };
		AFDD3A9E1DC5DAAE001E9A75 /* PendingRequestsTableViewController.m in Sources */ = {isa = PBXBuildFile; fileRef = AFDD3A9D1DC5DAAE001E9A75 /* PendingRequestsTableViewController.m */; };
		AFDD3AA11DC5DAC1001E9A75 /* PendingRequestsTableViewCell.m in Sources */ = {isa = PBXBuildFile; fileRef = AFDD3AA01DC5DAC1001E9A75 /* PendingRequestsTableViewCell.m */; };
		AFE559DC1C8D2A0800EB7075 /* CustomAlertController.m in Sources */ = {isa = PBXBuildFile; fileRef = AFE559DB1C8D2A0800EB7075 /* CustomAlertController.m */; };
		AFE559E31C8D516100EB7075 /* PhotoSignUpViewController.m in Sources */ = {isa = PBXBuildFile; fileRef = AFE559E11C8D516100EB7075 /* PhotoSignUpViewController.m */; };
		AFE5AECD1C8A138300FD698F /* findEmailViewController.m in Sources */ = {isa = PBXBuildFile; fileRef = AFE5AECB1C8A138300FD698F /* findEmailViewController.m */; };
		AFE5AED81C8A324D00FD698F /* faceBookProfileViewController.m in Sources */ = {isa = PBXBuildFile; fileRef = AFE5AED61C8A324D00FD698F /* faceBookProfileViewController.m */; };
		AFE5AEDB1C8A35B900FD698F /* Podfile in Resources */ = {isa = PBXBuildFile; fileRef = AFE5AEDA1C8A35B900FD698F /* Podfile */; };
		AFE5AEDF1C8A53E200FD698F /* CreatePostViewController.m in Sources */ = {isa = PBXBuildFile; fileRef = AFE5AEDD1C8A53E200FD698F /* CreatePostViewController.m */; };
		AFE5AEE01C8A53E200FD698F /* CreatePostViewController.xib in Resources */ = {isa = PBXBuildFile; fileRef = AFE5AEDE1C8A53E200FD698F /* CreatePostViewController.xib */; };
		AFE75BC91CB58F4F008590C7 /* Contacts.framework in Frameworks */ = {isa = PBXBuildFile; fileRef = AFE75BC81CB58F4F008590C7 /* Contacts.framework */; };
		AFE75BCB1CB5D196008590C7 /* MessageUI.framework in Frameworks */ = {isa = PBXBuildFile; fileRef = AFE75BCA1CB5D196008590C7 /* MessageUI.framework */; };
		AFE75BCE1CB5E67C008590C7 /* Invite.storyboard in Resources */ = {isa = PBXBuildFile; fileRef = AFE75BCD1CB5E67C008590C7 /* Invite.storyboard */; };
		AFF2A39A1DF91E3300625647 /* SignUpViewController.m in Sources */ = {isa = PBXBuildFile; fileRef = AFF2A3991DF91E3300625647 /* SignUpViewController.m */; };
		AFF2A39D1DF91E7200625647 /* CountrySelectTableViewController.m in Sources */ = {isa = PBXBuildFile; fileRef = AFF2A39C1DF91E7200625647 /* CountrySelectTableViewController.m */; };
		AFF2A3A01DF920A800625647 /* CountrySelectTableViewCell.m in Sources */ = {isa = PBXBuildFile; fileRef = AFF2A39F1DF920A800625647 /* CountrySelectTableViewCell.m */; };
		AFFF6ACD1D65878D008284F8 /* PointsViewController.m in Sources */ = {isa = PBXBuildFile; fileRef = AFFF6ACC1D65878D008284F8 /* PointsViewController.m */; };
		B243BC771D9DC2FC004CD360 /* DesignableUIKit.m in Sources */ = {isa = PBXBuildFile; fileRef = B243BC761D9DC2FC004CD360 /* DesignableUIKit.m */; };
		B243BC7C1D9DCE25004CD360 /* FoundationCategories.m in Sources */ = {isa = PBXBuildFile; fileRef = B243BC7B1D9DCE25004CD360 /* FoundationCategories.m */; };
		B243BC7F1D9DCEB8004CD360 /* UIKitCategories.m in Sources */ = {isa = PBXBuildFile; fileRef = B243BC7E1D9DCEB8004CD360 /* UIKitCategories.m */; };
		B243BC821D9DD4A0004CD360 /* ImageAPI.m in Sources */ = {isa = PBXBuildFile; fileRef = B243BC811D9DD4A0004CD360 /* ImageAPI.m */; };
		B243BC851D9DD81E004CD360 /* SocialAPI+UnpagedAPICategory.m in Sources */ = {isa = PBXBuildFile; fileRef = B243BC841D9DD81E004CD360 /* SocialAPI+UnpagedAPICategory.m */; };
		B243BC8B1D9DE422004CD360 /* LoginSignUp.storyboard in Resources */ = {isa = PBXBuildFile; fileRef = B243BC8A1D9DE422004CD360 /* LoginSignUp.storyboard */; };
		B279650F1D8B6DE900F157A5 /* BlockedTableViewController.m in Sources */ = {isa = PBXBuildFile; fileRef = B279650E1D8B6DE900F157A5 /* BlockedTableViewController.m */; };
		B27965121D8B6E0400F157A5 /* BlockedTableViewCell.m in Sources */ = {isa = PBXBuildFile; fileRef = B27965111D8B6E0400F157A5 /* BlockedTableViewCell.m */; };
		B2A628A41D8B556F00FE8C7A /* CustomIndicator.m in Sources */ = {isa = PBXBuildFile; fileRef = B2A628A31D8B556F00FE8C7A /* CustomIndicator.m */; };
		B2B993AE1D79F5C50081AD45 /* CustomPostImageView.m in Sources */ = {isa = PBXBuildFile; fileRef = B2B993AD1D79F5C50081AD45 /* CustomPostImageView.m */; };
		B2BFC2D51D7F3D1000795AE9 /* FollowButton.m in Sources */ = {isa = PBXBuildFile; fileRef = B2BFC2D41D7F3D1000795AE9 /* FollowButton.m */; };
		B2BFC2D81D7F4C2A00795AE9 /* ImagePreviewViewController.m in Sources */ = {isa = PBXBuildFile; fileRef = B2BFC2D71D7F4C2A00795AE9 /* ImagePreviewViewController.m */; };
		B2D177E11D7A092500CD5B32 /* DetailImageViewModel.m in Sources */ = {isa = PBXBuildFile; fileRef = B2D177E01D7A092500CD5B32 /* DetailImageViewModel.m */; };
		B2EE2CFF1D78B96B0026FF23 /* LoadingTableViewCell.m in Sources */ = {isa = PBXBuildFile; fileRef = B2EE2CFD1D78B96B0026FF23 /* LoadingTableViewCell.m */; };
/* End PBXBuildFile section */

/* Begin PBXFileReference section */
		02173919AE049AF52D3E6EF0 /* Pods-Dwink.release.xcconfig */ = {isa = PBXFileReference; includeInIndex = 1; lastKnownFileType = text.xcconfig; name = "Pods-Dwink.release.xcconfig"; path = "Pods/Target Support Files/Pods-Dwink/Pods-Dwink.release.xcconfig"; sourceTree = "<group>"; };
		112036BDBD1C3972B5AAFD5B /* Pods_Dwink.framework */ = {isa = PBXFileReference; explicitFileType = wrapper.framework; includeInIndex = 0; path = Pods_Dwink.framework; sourceTree = BUILT_PRODUCTS_DIR; };
		71CA2F41E08D8E9C559C8793 /* Pods-Dwink.debug.xcconfig */ = {isa = PBXFileReference; includeInIndex = 1; lastKnownFileType = text.xcconfig; name = "Pods-Dwink.debug.xcconfig"; path = "Pods/Target Support Files/Pods-Dwink/Pods-Dwink.debug.xcconfig"; sourceTree = "<group>"; };
		AF01F9461CD6E2BB00A27CFE /* CommonAPI.h */ = {isa = PBXFileReference; fileEncoding = 4; lastKnownFileType = sourcecode.c.h; path = CommonAPI.h; sourceTree = "<group>"; };
		AF01F9471CD6E2BB00A27CFE /* CommonAPI.m */ = {isa = PBXFileReference; fileEncoding = 4; lastKnownFileType = sourcecode.c.objc; path = CommonAPI.m; sourceTree = "<group>"; };
		AF06B6391D8E6AEF00FD6B7E /* UploadingHintView.h */ = {isa = PBXFileReference; fileEncoding = 4; lastKnownFileType = sourcecode.c.h; path = UploadingHintView.h; sourceTree = "<group>"; };
		AF06B63A1D8E6AEF00FD6B7E /* UploadingHintView.m */ = {isa = PBXFileReference; fileEncoding = 4; lastKnownFileType = sourcecode.c.objc; path = UploadingHintView.m; sourceTree = "<group>"; };
		AF0828681C8E6B7E008BF310 /* LoginAPI.h */ = {isa = PBXFileReference; fileEncoding = 4; lastKnownFileType = sourcecode.c.h; path = LoginAPI.h; sourceTree = "<group>"; };
		AF0828691C8E6B7E008BF310 /* LoginAPI.m */ = {isa = PBXFileReference; fileEncoding = 4; lastKnownFileType = sourcecode.c.objc; path = LoginAPI.m; sourceTree = "<group>"; };
		AF212A281D2F75FF00E3B0EF /* HomeCellViewModel.h */ = {isa = PBXFileReference; fileEncoding = 4; lastKnownFileType = sourcecode.c.h; path = HomeCellViewModel.h; sourceTree = "<group>"; };
		AF212A291D2F75FF00E3B0EF /* HomeCellViewModel.m */ = {isa = PBXFileReference; fileEncoding = 4; lastKnownFileType = sourcecode.c.objc; path = HomeCellViewModel.m; sourceTree = "<group>"; };
		AF212A2B1D2F82EB00E3B0EF /* PrefixHeader.pch */ = {isa = PBXFileReference; lastKnownFileType = sourcecode.c.h; name = PrefixHeader.pch; path = ../PrefixHeader.pch; sourceTree = "<group>"; };
		AF212A2F1D2F875000E3B0EF /* CoreDataProcessor.h */ = {isa = PBXFileReference; fileEncoding = 4; lastKnownFileType = sourcecode.c.h; path = CoreDataProcessor.h; sourceTree = "<group>"; };
		AF212A301D2F875000E3B0EF /* CoreDataProcessor.m */ = {isa = PBXFileReference; fileEncoding = 4; lastKnownFileType = sourcecode.c.objc; path = CoreDataProcessor.m; sourceTree = "<group>"; };
		AF212A331D2F8CDD00E3B0EF /* UserAuthorizationManager.h */ = {isa = PBXFileReference; fileEncoding = 4; lastKnownFileType = sourcecode.c.h; path = UserAuthorizationManager.h; sourceTree = "<group>"; };
		AF212A341D2F8CDD00E3B0EF /* UserAuthorizationManager.m */ = {isa = PBXFileReference; fileEncoding = 4; lastKnownFileType = sourcecode.c.objc; path = UserAuthorizationManager.m; sourceTree = "<group>"; };
		AF242A7A1CD5BAA700C9E5C2 /* .gitignore */ = {isa = PBXFileReference; fileEncoding = 4; lastKnownFileType = text; name = .gitignore; path = Dwink/.gitignore; sourceTree = "<group>"; };
		AF2E33361C9A062500D70A48 /* SocialAPI.h */ = {isa = PBXFileReference; fileEncoding = 4; lastKnownFileType = sourcecode.c.h; path = SocialAPI.h; sourceTree = "<group>"; };
		AF2E33371C9A062500D70A48 /* SocialAPI.m */ = {isa = PBXFileReference; fileEncoding = 4; lastKnownFileType = sourcecode.c.objc; path = SocialAPI.m; sourceTree = "<group>"; };
		AF2E333C1C9A135900D70A48 /* UserInfo.h */ = {isa = PBXFileReference; fileEncoding = 4; lastKnownFileType = sourcecode.c.h; path = UserInfo.h; sourceTree = "<group>"; };
		AF2E333D1C9A135900D70A48 /* UserInfo.m */ = {isa = PBXFileReference; fileEncoding = 4; lastKnownFileType = sourcecode.c.objc; path = UserInfo.m; sourceTree = "<group>"; };
		AF2FF86B1D643EBD00850AF8 /* UserInfoNotification.h */ = {isa = PBXFileReference; fileEncoding = 4; lastKnownFileType = sourcecode.c.h; path = UserInfoNotification.h; sourceTree = "<group>"; };
		AF2FF86C1D643EBD00850AF8 /* UserInfoNotification.m */ = {isa = PBXFileReference; fileEncoding = 4; lastKnownFileType = sourcecode.c.objc; path = UserInfoNotification.m; sourceTree = "<group>"; };
		AF47DBB21C8AB0960062A9A2 /* CustomTabBarController.h */ = {isa = PBXFileReference; fileEncoding = 4; lastKnownFileType = sourcecode.c.h; path = CustomTabBarController.h; sourceTree = "<group>"; };
		AF47DBB31C8AB0960062A9A2 /* CustomTabBarController.m */ = {isa = PBXFileReference; fileEncoding = 4; lastKnownFileType = sourcecode.c.objc; path = CustomTabBarController.m; sourceTree = "<group>"; };
		AF47DBC11C8AC4470062A9A2 /* CustomStoryboard.storyboard */ = {isa = PBXFileReference; fileEncoding = 4; lastKnownFileType = file.storyboard; path = CustomStoryboard.storyboard; sourceTree = "<group>"; };
		AF47DBC31C8AC7450062A9A2 /* MoreTableViewController.h */ = {isa = PBXFileReference; fileEncoding = 4; lastKnownFileType = sourcecode.c.h; path = MoreTableViewController.h; sourceTree = "<group>"; };
		AF47DBC41C8AC7450062A9A2 /* MoreTableViewController.m */ = {isa = PBXFileReference; fileEncoding = 4; lastKnownFileType = sourcecode.c.objc; path = MoreTableViewController.m; sourceTree = "<group>"; };
		AF4A610B1D57E67F00B8C7EA /* DetailImageViewController.h */ = {isa = PBXFileReference; fileEncoding = 4; lastKnownFileType = sourcecode.c.h; path = DetailImageViewController.h; sourceTree = "<group>"; };
		AF4A610C1D57E67F00B8C7EA /* DetailImageViewController.m */ = {isa = PBXFileReference; fileEncoding = 4; lastKnownFileType = sourcecode.c.objc; path = DetailImageViewController.m; sourceTree = "<group>"; };
		AF4A61121D58654F00B8C7EA /* DetailImageNavController.h */ = {isa = PBXFileReference; fileEncoding = 4; lastKnownFileType = sourcecode.c.h; path = DetailImageNavController.h; sourceTree = "<group>"; };
		AF4A61131D58654F00B8C7EA /* DetailImageNavController.m */ = {isa = PBXFileReference; fileEncoding = 4; lastKnownFileType = sourcecode.c.objc; path = DetailImageNavController.m; sourceTree = "<group>"; };
		AF5B83031D9E1132001B3F93 /* PublicVariables.h */ = {isa = PBXFileReference; fileEncoding = 4; lastKnownFileType = sourcecode.c.h; path = PublicVariables.h; sourceTree = "<group>"; };
		AF5B83041D9E1132001B3F93 /* PublicVariables.m */ = {isa = PBXFileReference; fileEncoding = 4; lastKnownFileType = sourcecode.c.objc; path = PublicVariables.m; sourceTree = "<group>"; };
		AF5B83061D9E135F001B3F93 /* HomeTableViewNoImageCell.h */ = {isa = PBXFileReference; fileEncoding = 4; lastKnownFileType = sourcecode.c.h; path = HomeTableViewNoImageCell.h; sourceTree = "<group>"; };
		AF5B83071D9E135F001B3F93 /* HomeTableViewNoImageCell.m */ = {isa = PBXFileReference; fileEncoding = 4; lastKnownFileType = sourcecode.c.objc; path = HomeTableViewNoImageCell.m; sourceTree = "<group>"; };
		AF60E55D1D6D3ACE00A12574 /* CommentModel.h */ = {isa = PBXFileReference; fileEncoding = 4; lastKnownFileType = sourcecode.c.h; path = CommentModel.h; sourceTree = "<group>"; };
		AF60E55E1D6D3ACE00A12574 /* CommentModel.m */ = {isa = PBXFileReference; fileEncoding = 4; lastKnownFileType = sourcecode.c.objc; path = CommentModel.m; sourceTree = "<group>"; };
		AF6A3D011D754F840012F308 /* ImageManager.h */ = {isa = PBXFileReference; fileEncoding = 4; lastKnownFileType = sourcecode.c.h; path = ImageManager.h; sourceTree = "<group>"; };
		AF6A3D021D754F840012F308 /* ImageManager.m */ = {isa = PBXFileReference; fileEncoding = 4; lastKnownFileType = sourcecode.c.objc; path = ImageManager.m; sourceTree = "<group>"; };
		AF6A604C1C88FB8000AF96B8 /* InfoSignUpViewController.h */ = {isa = PBXFileReference; fileEncoding = 4; lastKnownFileType = sourcecode.c.h; path = InfoSignUpViewController.h; sourceTree = "<group>"; };
		AF6A604D1C88FB8000AF96B8 /* InfoSignUpViewController.m */ = {isa = PBXFileReference; fileEncoding = 4; lastKnownFileType = sourcecode.c.objc; path = InfoSignUpViewController.m; sourceTree = "<group>"; };
		AF6CE0AE1D9F9F4D0035CE3F /* Dwink.entitlements */ = {isa = PBXFileReference; lastKnownFileType = text.plist.entitlements; path = Dwink.entitlements; sourceTree = "<group>"; };
		AF6F20041D7A87A600B23A97 /* BulletinModel.h */ = {isa = PBXFileReference; fileEncoding = 4; lastKnownFileType = sourcecode.c.h; path = BulletinModel.h; sourceTree = "<group>"; };
		AF6F20051D7A87A600B23A97 /* BulletinModel.m */ = {isa = PBXFileReference; fileEncoding = 4; lastKnownFileType = sourcecode.c.objc; path = BulletinModel.m; sourceTree = "<group>"; };
		AF8C381E1E00E8EC000B66D0 /* VerifyNumViewController.h */ = {isa = PBXFileReference; fileEncoding = 4; lastKnownFileType = sourcecode.c.h; path = VerifyNumViewController.h; sourceTree = "<group>"; };
		AF8C381F1E00E8EC000B66D0 /* VerifyNumViewController.m */ = {isa = PBXFileReference; fileEncoding = 4; lastKnownFileType = sourcecode.c.objc; path = VerifyNumViewController.m; sourceTree = "<group>"; };
		AF93A51F1DF40D6000248305 /* CountriesWithPhoneCodes.plist */ = {isa = PBXFileReference; fileEncoding = 4; lastKnownFileType = text.plist.xml; path = CountriesWithPhoneCodes.plist; sourceTree = "<group>"; };
		AF985E7F1D41DE220088ECF9 /* UserInfoTableViewController.h */ = {isa = PBXFileReference; fileEncoding = 4; lastKnownFileType = sourcecode.c.h; path = UserInfoTableViewController.h; sourceTree = "<group>"; };
		AF985E801D41DE220088ECF9 /* UserInfoTableViewController.m */ = {isa = PBXFileReference; fileEncoding = 4; lastKnownFileType = sourcecode.c.objc; path = UserInfoTableViewController.m; sourceTree = "<group>"; };
		AF985E821D41DE9C0088ECF9 /* UserInfoTableViewCell.h */ = {isa = PBXFileReference; fileEncoding = 4; lastKnownFileType = sourcecode.c.h; path = UserInfoTableViewCell.h; sourceTree = "<group>"; };
		AF985E831D41DE9C0088ECF9 /* UserInfoTableViewCell.m */ = {isa = PBXFileReference; fileEncoding = 4; lastKnownFileType = sourcecode.c.objc; path = UserInfoTableViewCell.m; sourceTree = "<group>"; };
		AF985E871D41DEAE0088ECF9 /* CommentTableViewCell.h */ = {isa = PBXFileReference; fileEncoding = 4; lastKnownFileType = sourcecode.c.h; path = CommentTableViewCell.h; sourceTree = "<group>"; };
		AF985E881D41DEAE0088ECF9 /* CommentTableViewCell.m */ = {isa = PBXFileReference; fileEncoding = 4; lastKnownFileType = sourcecode.c.objc; path = CommentTableViewCell.m; sourceTree = "<group>"; };
		AF985E8C1D41DF7F0088ECF9 /* FunctionAPI.h */ = {isa = PBXFileReference; fileEncoding = 4; lastKnownFileType = sourcecode.c.h; path = FunctionAPI.h; sourceTree = "<group>"; };
		AF985E8D1D41DF7F0088ECF9 /* FunctionAPI.m */ = {isa = PBXFileReference; fileEncoding = 4; lastKnownFileType = sourcecode.c.objc; path = FunctionAPI.m; sourceTree = "<group>"; };
		AF985E901D4457280088ECF9 /* SocialTableViewConfigure.h */ = {isa = PBXFileReference; fileEncoding = 4; lastKnownFileType = sourcecode.c.h; path = SocialTableViewConfigure.h; sourceTree = "<group>"; };
		AF985E911D4457280088ECF9 /* SocialTableViewConfigure.m */ = {isa = PBXFileReference; fileEncoding = 4; lastKnownFileType = sourcecode.c.objc; path = SocialTableViewConfigure.m; sourceTree = "<group>"; };
		AF9B0B4C1D6A930E002F3118 /* UserInfo.storyboard */ = {isa = PBXFileReference; fileEncoding = 4; lastKnownFileType = file.storyboard; path = UserInfo.storyboard; sourceTree = "<group>"; };
		AFA7DA7A1D530715009412C2 /* UserInformationViewModel.h */ = {isa = PBXFileReference; fileEncoding = 4; lastKnownFileType = sourcecode.c.h; path = UserInformationViewModel.h; sourceTree = "<group>"; };
		AFA7DA7B1D530715009412C2 /* UserInformationViewModel.m */ = {isa = PBXFileReference; fileEncoding = 4; lastKnownFileType = sourcecode.c.objc; path = UserInformationViewModel.m; sourceTree = "<group>"; };
		AFA7DA7F1D55BB49009412C2 /* EditProfileTableViewController.h */ = {isa = PBXFileReference; fileEncoding = 4; lastKnownFileType = sourcecode.c.h; path = EditProfileTableViewController.h; sourceTree = "<group>"; };
		AFA7DA801D55BB49009412C2 /* EditProfileTableViewController.m */ = {isa = PBXFileReference; fileEncoding = 4; lastKnownFileType = sourcecode.c.objc; path = EditProfileTableViewController.m; sourceTree = "<group>"; };
		AFAA86191C9F870D00CB8DE6 /* SignUpAPI.h */ = {isa = PBXFileReference; fileEncoding = 4; lastKnownFileType = sourcecode.c.h; path = SignUpAPI.h; sourceTree = "<group>"; };
		AFAA861A1C9F870D00CB8DE6 /* SignUpAPI.m */ = {isa = PBXFileReference; fileEncoding = 4; lastKnownFileType = sourcecode.c.objc; path = SignUpAPI.m; sourceTree = "<group>"; };
		AFAD03521CB301E6000BA038 /* ReportProblemViewController.h */ = {isa = PBXFileReference; fileEncoding = 4; lastKnownFileType = sourcecode.c.h; path = ReportProblemViewController.h; sourceTree = "<group>"; };
		AFAD03531CB301E6000BA038 /* ReportProblemViewController.m */ = {isa = PBXFileReference; fileEncoding = 4; lastKnownFileType = sourcecode.c.objc; path = ReportProblemViewController.m; sourceTree = "<group>"; };
		AFAD035A1CB36955000BA038 /* ContactsTableViewController.h */ = {isa = PBXFileReference; fileEncoding = 4; lastKnownFileType = sourcecode.c.h; path = ContactsTableViewController.h; sourceTree = "<group>"; };
		AFAD035B1CB36955000BA038 /* ContactsTableViewController.m */ = {isa = PBXFileReference; fileEncoding = 4; lastKnownFileType = sourcecode.c.objc; path = ContactsTableViewController.m; sourceTree = "<group>"; };
		AFAD03601CB36E3B000BA038 /* ContactsTableViewCell.h */ = {isa = PBXFileReference; fileEncoding = 4; lastKnownFileType = sourcecode.c.h; path = ContactsTableViewCell.h; sourceTree = "<group>"; };
		AFAD03611CB36E3B000BA038 /* ContactsTableViewCell.m */ = {isa = PBXFileReference; fileEncoding = 4; lastKnownFileType = sourcecode.c.objc; path = ContactsTableViewCell.m; sourceTree = "<group>"; };
		AFAD036A1CB3765C000BA038 /* DwinkUsersTableViewController.h */ = {isa = PBXFileReference; fileEncoding = 4; lastKnownFileType = sourcecode.c.h; path = DwinkUsersTableViewController.h; sourceTree = "<group>"; };
		AFAD036B1CB3765C000BA038 /* DwinkUsersTableViewController.m */ = {isa = PBXFileReference; fileEncoding = 4; lastKnownFileType = sourcecode.c.objc; path = DwinkUsersTableViewController.m; sourceTree = "<group>"; };
		AFAD036D1CB3766B000BA038 /* DwinkUsersTableViewCell.h */ = {isa = PBXFileReference; fileEncoding = 4; lastKnownFileType = sourcecode.c.h; path = DwinkUsersTableViewCell.h; sourceTree = "<group>"; };
		AFAD036E1CB3766B000BA038 /* DwinkUsersTableViewCell.m */ = {isa = PBXFileReference; fileEncoding = 4; lastKnownFileType = sourcecode.c.objc; path = DwinkUsersTableViewCell.m; sourceTree = "<group>"; };
		AFC92AB21D335CAC001D1579 /* ResetPasswordViewController.h */ = {isa = PBXFileReference; fileEncoding = 4; lastKnownFileType = sourcecode.c.h; path = ResetPasswordViewController.h; sourceTree = "<group>"; };
		AFC92AB31D335CAC001D1579 /* ResetPasswordViewController.m */ = {isa = PBXFileReference; fileEncoding = 4; lastKnownFileType = sourcecode.c.objc; path = ResetPasswordViewController.m; sourceTree = "<group>"; };
		AFC92AB51D3368EB001D1579 /* HomeTableViewOneLineImagesCell.h */ = {isa = PBXFileReference; fileEncoding = 4; lastKnownFileType = sourcecode.c.h; path = HomeTableViewOneLineImagesCell.h; sourceTree = "<group>"; };
		AFC92AB61D3368EB001D1579 /* HomeTableViewOneLineImagesCell.m */ = {isa = PBXFileReference; fileEncoding = 4; lastKnownFileType = sourcecode.c.objc; path = HomeTableViewOneLineImagesCell.m; sourceTree = "<group>"; };
		AFC92ABD1D336915001D1579 /* HomeTableViewOneImageCell.h */ = {isa = PBXFileReference; fileEncoding = 4; lastKnownFileType = sourcecode.c.h; path = HomeTableViewOneImageCell.h; sourceTree = "<group>"; };
		AFC92ABE1D336915001D1579 /* HomeTableViewOneImageCell.m */ = {isa = PBXFileReference; fileEncoding = 4; lastKnownFileType = sourcecode.c.objc; path = HomeTableViewOneImageCell.m; sourceTree = "<group>"; };
		AFD372021D90D01900E77BF2 /* MentionTableViewCell.h */ = {isa = PBXFileReference; fileEncoding = 4; lastKnownFileType = sourcecode.c.h; path = MentionTableViewCell.h; sourceTree = "<group>"; };
		AFD372031D90D01900E77BF2 /* MentionTableViewCell.m */ = {isa = PBXFileReference; fileEncoding = 4; lastKnownFileType = sourcecode.c.objc; path = MentionTableViewCell.m; sourceTree = "<group>"; };
		AFDBA49A1C83944200E94D20 /* Dwink.app */ = {isa = PBXFileReference; explicitFileType = wrapper.application; includeInIndex = 0; path = Dwink.app; sourceTree = BUILT_PRODUCTS_DIR; };
		AFDBA49E1C83944200E94D20 /* main.m */ = {isa = PBXFileReference; lastKnownFileType = sourcecode.c.objc; path = main.m; sourceTree = "<group>"; };
		AFDBA4A01C83944200E94D20 /* AppDelegate.h */ = {isa = PBXFileReference; lastKnownFileType = sourcecode.c.h; path = AppDelegate.h; sourceTree = "<group>"; };
		AFDBA4A11C83944200E94D20 /* AppDelegate.m */ = {isa = PBXFileReference; lastKnownFileType = sourcecode.c.objc; path = AppDelegate.m; sourceTree = "<group>"; };
		AFDBA4A31C83944200E94D20 /* LoginViewController.h */ = {isa = PBXFileReference; lastKnownFileType = sourcecode.c.h; path = LoginViewController.h; sourceTree = "<group>"; };
		AFDBA4A41C83944200E94D20 /* LoginViewController.m */ = {isa = PBXFileReference; lastKnownFileType = sourcecode.c.objc; path = LoginViewController.m; sourceTree = "<group>"; };
		AFDBA4AA1C83944200E94D20 /* Dwink.xcdatamodel */ = {isa = PBXFileReference; lastKnownFileType = wrapper.xcdatamodel; path = Dwink.xcdatamodel; sourceTree = "<group>"; };
		AFDBA4AC1C83944200E94D20 /* Assets.xcassets */ = {isa = PBXFileReference; lastKnownFileType = folder.assetcatalog; path = Assets.xcassets; sourceTree = "<group>"; };
		AFDBA4AF1C83944200E94D20 /* Base */ = {isa = PBXFileReference; lastKnownFileType = file.storyboard; name = Base; path = Base.lproj/LaunchScreen.storyboard; sourceTree = "<group>"; };
		AFDBA4B11C83944200E94D20 /* Info.plist */ = {isa = PBXFileReference; lastKnownFileType = text.plist.xml; path = Info.plist; sourceTree = "<group>"; };
		AFDBA4BE1C83969E00E94D20 /* HomeTableViewController.h */ = {isa = PBXFileReference; fileEncoding = 4; lastKnownFileType = sourcecode.c.h; path = HomeTableViewController.h; sourceTree = "<group>"; };
		AFDBA4BF1C83969E00E94D20 /* HomeTableViewController.m */ = {isa = PBXFileReference; fileEncoding = 4; lastKnownFileType = sourcecode.c.objc; path = HomeTableViewController.m; sourceTree = "<group>"; };
		AFDBA4C31C839C8400E94D20 /* HomeTableViewTwoLinesImagesCell.h */ = {isa = PBXFileReference; fileEncoding = 4; lastKnownFileType = sourcecode.c.h; path = HomeTableViewTwoLinesImagesCell.h; sourceTree = "<group>"; };
		AFDBA4C41C839C8400E94D20 /* HomeTableViewTwoLinesImagesCell.m */ = {isa = PBXFileReference; fileEncoding = 4; lastKnownFileType = sourcecode.c.objc; path = HomeTableViewTwoLinesImagesCell.m; sourceTree = "<group>"; };
		AFDBA4C81C8423EA00E94D20 /* BulletinTableViewController.h */ = {isa = PBXFileReference; fileEncoding = 4; lastKnownFileType = sourcecode.c.h; path = BulletinTableViewController.h; sourceTree = "<group>"; };
		AFDBA4C91C8423EA00E94D20 /* BulletinTableViewController.m */ = {isa = PBXFileReference; fileEncoding = 4; lastKnownFileType = sourcecode.c.objc; path = BulletinTableViewController.m; sourceTree = "<group>"; };
		AFDBA4CD1C84248D00E94D20 /* BulletinTableViewCell.h */ = {isa = PBXFileReference; fileEncoding = 4; lastKnownFileType = sourcecode.c.h; path = BulletinTableViewCell.h; sourceTree = "<group>"; };
		AFDBA4CE1C84248D00E94D20 /* BulletinTableViewCell.m */ = {isa = PBXFileReference; fileEncoding = 4; lastKnownFileType = sourcecode.c.objc; path = BulletinTableViewCell.m; sourceTree = "<group>"; };
		AFDD3A9C1DC5DAAE001E9A75 /* PendingRequestsTableViewController.h */ = {isa = PBXFileReference; fileEncoding = 4; lastKnownFileType = sourcecode.c.h; path = PendingRequestsTableViewController.h; sourceTree = "<group>"; };
		AFDD3A9D1DC5DAAE001E9A75 /* PendingRequestsTableViewController.m */ = {isa = PBXFileReference; fileEncoding = 4; lastKnownFileType = sourcecode.c.objc; path = PendingRequestsTableViewController.m; sourceTree = "<group>"; };
		AFDD3A9F1DC5DAC1001E9A75 /* PendingRequestsTableViewCell.h */ = {isa = PBXFileReference; fileEncoding = 4; lastKnownFileType = sourcecode.c.h; path = PendingRequestsTableViewCell.h; sourceTree = "<group>"; };
		AFDD3AA01DC5DAC1001E9A75 /* PendingRequestsTableViewCell.m */ = {isa = PBXFileReference; fileEncoding = 4; lastKnownFileType = sourcecode.c.objc; path = PendingRequestsTableViewCell.m; sourceTree = "<group>"; };
		AFE559DA1C8D2A0800EB7075 /* CustomAlertController.h */ = {isa = PBXFileReference; fileEncoding = 4; lastKnownFileType = sourcecode.c.h; path = CustomAlertController.h; sourceTree = "<group>"; };
		AFE559DB1C8D2A0800EB7075 /* CustomAlertController.m */ = {isa = PBXFileReference; fileEncoding = 4; lastKnownFileType = sourcecode.c.objc; path = CustomAlertController.m; sourceTree = "<group>"; };
		AFE559E01C8D516100EB7075 /* PhotoSignUpViewController.h */ = {isa = PBXFileReference; fileEncoding = 4; lastKnownFileType = sourcecode.c.h; path = PhotoSignUpViewController.h; sourceTree = "<group>"; };
		AFE559E11C8D516100EB7075 /* PhotoSignUpViewController.m */ = {isa = PBXFileReference; fileEncoding = 4; lastKnownFileType = sourcecode.c.objc; path = PhotoSignUpViewController.m; sourceTree = "<group>"; };
		AFE5AECA1C8A138300FD698F /* findEmailViewController.h */ = {isa = PBXFileReference; fileEncoding = 4; lastKnownFileType = sourcecode.c.h; path = findEmailViewController.h; sourceTree = "<group>"; };
		AFE5AECB1C8A138300FD698F /* findEmailViewController.m */ = {isa = PBXFileReference; fileEncoding = 4; lastKnownFileType = sourcecode.c.objc; path = findEmailViewController.m; sourceTree = "<group>"; };
		AFE5AED51C8A324D00FD698F /* faceBookProfileViewController.h */ = {isa = PBXFileReference; fileEncoding = 4; lastKnownFileType = sourcecode.c.h; path = faceBookProfileViewController.h; sourceTree = "<group>"; };
		AFE5AED61C8A324D00FD698F /* faceBookProfileViewController.m */ = {isa = PBXFileReference; fileEncoding = 4; lastKnownFileType = sourcecode.c.objc; path = faceBookProfileViewController.m; sourceTree = "<group>"; };
		AFE5AEDA1C8A35B900FD698F /* Podfile */ = {isa = PBXFileReference; fileEncoding = 4; lastKnownFileType = text; path = Podfile; sourceTree = "<group>"; xcLanguageSpecificationIdentifier = xcode.lang.ruby; };
		AFE5AEDC1C8A53E200FD698F /* CreatePostViewController.h */ = {isa = PBXFileReference; fileEncoding = 4; lastKnownFileType = sourcecode.c.h; path = CreatePostViewController.h; sourceTree = "<group>"; };
		AFE5AEDD1C8A53E200FD698F /* CreatePostViewController.m */ = {isa = PBXFileReference; fileEncoding = 4; lastKnownFileType = sourcecode.c.objc; path = CreatePostViewController.m; sourceTree = "<group>"; };
		AFE5AEDE1C8A53E200FD698F /* CreatePostViewController.xib */ = {isa = PBXFileReference; fileEncoding = 4; lastKnownFileType = file.xib; path = CreatePostViewController.xib; sourceTree = "<group>"; };
		AFE75BC81CB58F4F008590C7 /* Contacts.framework */ = {isa = PBXFileReference; lastKnownFileType = wrapper.framework; name = Contacts.framework; path = System/Library/Frameworks/Contacts.framework; sourceTree = SDKROOT; };
		AFE75BCA1CB5D196008590C7 /* MessageUI.framework */ = {isa = PBXFileReference; lastKnownFileType = wrapper.framework; name = MessageUI.framework; path = System/Library/Frameworks/MessageUI.framework; sourceTree = SDKROOT; };
		AFE75BCD1CB5E67C008590C7 /* Invite.storyboard */ = {isa = PBXFileReference; fileEncoding = 4; lastKnownFileType = file.storyboard; path = Invite.storyboard; sourceTree = "<group>"; };
		AFF2A3981DF91E3300625647 /* SignUpViewController.h */ = {isa = PBXFileReference; fileEncoding = 4; lastKnownFileType = sourcecode.c.h; path = SignUpViewController.h; sourceTree = "<group>"; };
		AFF2A3991DF91E3300625647 /* SignUpViewController.m */ = {isa = PBXFileReference; fileEncoding = 4; lastKnownFileType = sourcecode.c.objc; path = SignUpViewController.m; sourceTree = "<group>"; };
		AFF2A39B1DF91E7200625647 /* CountrySelectTableViewController.h */ = {isa = PBXFileReference; fileEncoding = 4; lastKnownFileType = sourcecode.c.h; path = CountrySelectTableViewController.h; sourceTree = "<group>"; };
		AFF2A39C1DF91E7200625647 /* CountrySelectTableViewController.m */ = {isa = PBXFileReference; fileEncoding = 4; lastKnownFileType = sourcecode.c.objc; path = CountrySelectTableViewController.m; sourceTree = "<group>"; };
		AFF2A39E1DF920A800625647 /* CountrySelectTableViewCell.h */ = {isa = PBXFileReference; fileEncoding = 4; lastKnownFileType = sourcecode.c.h; path = CountrySelectTableViewCell.h; sourceTree = "<group>"; };
		AFF2A39F1DF920A800625647 /* CountrySelectTableViewCell.m */ = {isa = PBXFileReference; fileEncoding = 4; lastKnownFileType = sourcecode.c.objc; path = CountrySelectTableViewCell.m; sourceTree = "<group>"; };
		AFFF6ACB1D65878D008284F8 /* PointsViewController.h */ = {isa = PBXFileReference; fileEncoding = 4; lastKnownFileType = sourcecode.c.h; path = PointsViewController.h; sourceTree = "<group>"; };
		AFFF6ACC1D65878D008284F8 /* PointsViewController.m */ = {isa = PBXFileReference; fileEncoding = 4; lastKnownFileType = sourcecode.c.objc; path = PointsViewController.m; sourceTree = "<group>"; };
		B243BC751D9DC2FC004CD360 /* DesignableUIKit.h */ = {isa = PBXFileReference; fileEncoding = 4; lastKnownFileType = sourcecode.c.h; path = DesignableUIKit.h; sourceTree = "<group>"; };
		B243BC761D9DC2FC004CD360 /* DesignableUIKit.m */ = {isa = PBXFileReference; fileEncoding = 4; lastKnownFileType = sourcecode.c.objc; path = DesignableUIKit.m; sourceTree = "<group>"; };
		B243BC7A1D9DCE25004CD360 /* FoundationCategories.h */ = {isa = PBXFileReference; fileEncoding = 4; lastKnownFileType = sourcecode.c.h; path = FoundationCategories.h; sourceTree = "<group>"; };
		B243BC7B1D9DCE25004CD360 /* FoundationCategories.m */ = {isa = PBXFileReference; fileEncoding = 4; lastKnownFileType = sourcecode.c.objc; path = FoundationCategories.m; sourceTree = "<group>"; };
		B243BC7D1D9DCEB8004CD360 /* UIKitCategories.h */ = {isa = PBXFileReference; fileEncoding = 4; lastKnownFileType = sourcecode.c.h; path = UIKitCategories.h; sourceTree = "<group>"; };
		B243BC7E1D9DCEB8004CD360 /* UIKitCategories.m */ = {isa = PBXFileReference; fileEncoding = 4; lastKnownFileType = sourcecode.c.objc; path = UIKitCategories.m; sourceTree = "<group>"; };
		B243BC801D9DD4A0004CD360 /* ImageAPI.h */ = {isa = PBXFileReference; fileEncoding = 4; lastKnownFileType = sourcecode.c.h; path = ImageAPI.h; sourceTree = "<group>"; };
		B243BC811D9DD4A0004CD360 /* ImageAPI.m */ = {isa = PBXFileReference; fileEncoding = 4; lastKnownFileType = sourcecode.c.objc; path = ImageAPI.m; sourceTree = "<group>"; };
		B243BC831D9DD81E004CD360 /* SocialAPI+UnpagedAPICategory.h */ = {isa = PBXFileReference; fileEncoding = 4; lastKnownFileType = sourcecode.c.h; path = "SocialAPI+UnpagedAPICategory.h"; sourceTree = "<group>"; };
		B243BC841D9DD81E004CD360 /* SocialAPI+UnpagedAPICategory.m */ = {isa = PBXFileReference; fileEncoding = 4; lastKnownFileType = sourcecode.c.objc; path = "SocialAPI+UnpagedAPICategory.m"; sourceTree = "<group>"; };
		B243BC8A1D9DE422004CD360 /* LoginSignUp.storyboard */ = {isa = PBXFileReference; fileEncoding = 4; lastKnownFileType = file.storyboard; path = LoginSignUp.storyboard; sourceTree = "<group>"; };
		B279650D1D8B6DE900F157A5 /* BlockedTableViewController.h */ = {isa = PBXFileReference; fileEncoding = 4; lastKnownFileType = sourcecode.c.h; path = BlockedTableViewController.h; sourceTree = "<group>"; };
		B279650E1D8B6DE900F157A5 /* BlockedTableViewController.m */ = {isa = PBXFileReference; fileEncoding = 4; lastKnownFileType = sourcecode.c.objc; path = BlockedTableViewController.m; sourceTree = "<group>"; };
		B27965101D8B6E0400F157A5 /* BlockedTableViewCell.h */ = {isa = PBXFileReference; fileEncoding = 4; lastKnownFileType = sourcecode.c.h; path = BlockedTableViewCell.h; sourceTree = "<group>"; };
		B27965111D8B6E0400F157A5 /* BlockedTableViewCell.m */ = {isa = PBXFileReference; fileEncoding = 4; lastKnownFileType = sourcecode.c.objc; path = BlockedTableViewCell.m; sourceTree = "<group>"; };
		B2A628A21D8B556F00FE8C7A /* CustomIndicator.h */ = {isa = PBXFileReference; fileEncoding = 4; lastKnownFileType = sourcecode.c.h; path = CustomIndicator.h; sourceTree = "<group>"; };
		B2A628A31D8B556F00FE8C7A /* CustomIndicator.m */ = {isa = PBXFileReference; fileEncoding = 4; lastKnownFileType = sourcecode.c.objc; path = CustomIndicator.m; sourceTree = "<group>"; };
		B2B993AC1D79F5C50081AD45 /* CustomPostImageView.h */ = {isa = PBXFileReference; fileEncoding = 4; lastKnownFileType = sourcecode.c.h; path = CustomPostImageView.h; sourceTree = "<group>"; };
		B2B993AD1D79F5C50081AD45 /* CustomPostImageView.m */ = {isa = PBXFileReference; fileEncoding = 4; lastKnownFileType = sourcecode.c.objc; path = CustomPostImageView.m; sourceTree = "<group>"; };
		B2BFC2D31D7F3D1000795AE9 /* FollowButton.h */ = {isa = PBXFileReference; fileEncoding = 4; lastKnownFileType = sourcecode.c.h; path = FollowButton.h; sourceTree = "<group>"; };
		B2BFC2D41D7F3D1000795AE9 /* FollowButton.m */ = {isa = PBXFileReference; fileEncoding = 4; lastKnownFileType = sourcecode.c.objc; path = FollowButton.m; sourceTree = "<group>"; };
		B2BFC2D61D7F4C2A00795AE9 /* ImagePreviewViewController.h */ = {isa = PBXFileReference; fileEncoding = 4; lastKnownFileType = sourcecode.c.h; path = ImagePreviewViewController.h; sourceTree = "<group>"; };
		B2BFC2D71D7F4C2A00795AE9 /* ImagePreviewViewController.m */ = {isa = PBXFileReference; fileEncoding = 4; lastKnownFileType = sourcecode.c.objc; path = ImagePreviewViewController.m; sourceTree = "<group>"; };
		B2D177DF1D7A092500CD5B32 /* DetailImageViewModel.h */ = {isa = PBXFileReference; fileEncoding = 4; lastKnownFileType = sourcecode.c.h; path = DetailImageViewModel.h; sourceTree = "<group>"; };
		B2D177E01D7A092500CD5B32 /* DetailImageViewModel.m */ = {isa = PBXFileReference; fileEncoding = 4; lastKnownFileType = sourcecode.c.objc; path = DetailImageViewModel.m; sourceTree = "<group>"; };
		B2EE2CFC1D78B96B0026FF23 /* LoadingTableViewCell.h */ = {isa = PBXFileReference; fileEncoding = 4; lastKnownFileType = sourcecode.c.h; path = LoadingTableViewCell.h; sourceTree = "<group>"; };
		B2EE2CFD1D78B96B0026FF23 /* LoadingTableViewCell.m */ = {isa = PBXFileReference; fileEncoding = 4; lastKnownFileType = sourcecode.c.objc; path = LoadingTableViewCell.m; sourceTree = "<group>"; };
/* End PBXFileReference section */

/* Begin PBXFrameworksBuildPhase section */
		AFDBA4971C83944200E94D20 /* Frameworks */ = {
			isa = PBXFrameworksBuildPhase;
			buildActionMask = 2147483647;
			files = (
				AFE75BCB1CB5D196008590C7 /* MessageUI.framework in Frameworks */,
				AFE75BC91CB58F4F008590C7 /* Contacts.framework in Frameworks */,
				321F94FE199FC12D2DE21886 /* Pods_Dwink.framework in Frameworks */,
			);
			runOnlyForDeploymentPostprocessing = 0;
		};
/* End PBXFrameworksBuildPhase section */

/* Begin PBXGroup section */
		356667C8CF104EF14C88F65E /* Frameworks */ = {
			isa = PBXGroup;
			children = (
				AFE75BCA1CB5D196008590C7 /* MessageUI.framework */,
				AFE75BC81CB58F4F008590C7 /* Contacts.framework */,
				112036BDBD1C3972B5AAFD5B /* Pods_Dwink.framework */,
			);
			name = Frameworks;
			sourceTree = "<group>";
		};
		AF01F9411CD67DF600A27CFE /* Categories */ = {
			isa = PBXGroup;
			children = (
				B243BC7A1D9DCE25004CD360 /* FoundationCategories.h */,
				B243BC7B1D9DCE25004CD360 /* FoundationCategories.m */,
				B243BC7D1D9DCEB8004CD360 /* UIKitCategories.h */,
				B243BC7E1D9DCEB8004CD360 /* UIKitCategories.m */,
			);
			name = Categories;
			sourceTree = "<group>";
		};
		AF01F9421CD67E1300A27CFE /* API */ = {
			isa = PBXGroup;
			children = (
				AFA974D91D34A80D00F2237B /* Public API */,
				AFAA86191C9F870D00CB8DE6 /* SignUpAPI.h */,
				AFAA861A1C9F870D00CB8DE6 /* SignUpAPI.m */,
				AF0828681C8E6B7E008BF310 /* LoginAPI.h */,
				AF0828691C8E6B7E008BF310 /* LoginAPI.m */,
				AF2E33361C9A062500D70A48 /* SocialAPI.h */,
				AF2E33371C9A062500D70A48 /* SocialAPI.m */,
				B243BC831D9DD81E004CD360 /* SocialAPI+UnpagedAPICategory.h */,
				B243BC841D9DD81E004CD360 /* SocialAPI+UnpagedAPICategory.m */,
				AF985E8C1D41DF7F0088ECF9 /* FunctionAPI.h */,
				AF985E8D1D41DF7F0088ECF9 /* FunctionAPI.m */,
				B243BC801D9DD4A0004CD360 /* ImageAPI.h */,
				B243BC811D9DD4A0004CD360 /* ImageAPI.m */,
			);
			name = API;
			sourceTree = "<group>";
		};
		AF212A361D2F8EE700E3B0EF /* Public Model */ = {
			isa = PBXGroup;
			children = (
				AF212A2F1D2F875000E3B0EF /* CoreDataProcessor.h */,
				AF212A301D2F875000E3B0EF /* CoreDataProcessor.m */,
				AF212A331D2F8CDD00E3B0EF /* UserAuthorizationManager.h */,
				AF212A341D2F8CDD00E3B0EF /* UserAuthorizationManager.m */,
			);
			name = "Public Model";
			sourceTree = "<group>";
		};
		AF4A61091D57E52200B8C7EA /* Different post tableView cell */ = {
			isa = PBXGroup;
			children = (
				AF9B0B481D6A8F08002F3118 /* View */,
				AF9B0B491D6A8F17002F3118 /* View Model */,
			);
			name = "Different post tableView cell";
			sourceTree = "<group>";
		};
		AF4A610A1D57E57C00B8C7EA /* Detail image show */ = {
			isa = PBXGroup;
			children = (
				AF4A61121D58654F00B8C7EA /* DetailImageNavController.h */,
				AF4A61131D58654F00B8C7EA /* DetailImageNavController.m */,
				AF4A610B1D57E67F00B8C7EA /* DetailImageViewController.h */,
				AF4A610C1D57E67F00B8C7EA /* DetailImageViewController.m */,
				B2D177DF1D7A092500CD5B32 /* DetailImageViewModel.h */,
				B2D177E01D7A092500CD5B32 /* DetailImageViewModel.m */,
			);
			name = "Detail image show";
			sourceTree = "<group>";
		};
		AF60E55C1D6D3AAB00A12574 /* Comment */ = {
			isa = PBXGroup;
			children = (
				AF985E871D41DEAE0088ECF9 /* CommentTableViewCell.h */,
				AF985E881D41DEAE0088ECF9 /* CommentTableViewCell.m */,
				AF60E55D1D6D3ACE00A12574 /* CommentModel.h */,
				AF60E55E1D6D3ACE00A12574 /* CommentModel.m */,
				B2EE2CFC1D78B96B0026FF23 /* LoadingTableViewCell.h */,
				B2EE2CFD1D78B96B0026FF23 /* LoadingTableViewCell.m */,
			);
			name = Comment;
			sourceTree = "<group>";
		};
		AF93A51E1DF40D3700248305 /* Source */ = {
			isa = PBXGroup;
			children = (
				AF93A51F1DF40D6000248305 /* CountriesWithPhoneCodes.plist */,
			);
			name = Source;
			sourceTree = "<group>";
		};
		AF9B0B471D6A8E96002F3118 /* TableView All/Followings/Followers/Likes/mentions */ = {
			isa = PBXGroup;
			children = (
				AFAD036A1CB3765C000BA038 /* DwinkUsersTableViewController.h */,
				AFAD036B1CB3765C000BA038 /* DwinkUsersTableViewController.m */,
				AFAD036D1CB3766B000BA038 /* DwinkUsersTableViewCell.h */,
				AFAD036E1CB3766B000BA038 /* DwinkUsersTableViewCell.m */,
				AFD372021D90D01900E77BF2 /* MentionTableViewCell.h */,
				AFD372031D90D01900E77BF2 /* MentionTableViewCell.m */,
			);
			name = "TableView All/Followings/Followers/Likes/mentions";
			sourceTree = "<group>";
		};
		AF9B0B481D6A8F08002F3118 /* View */ = {
			isa = PBXGroup;
			children = (
				AF5B83061D9E135F001B3F93 /* HomeTableViewNoImageCell.h */,
				AF5B83071D9E135F001B3F93 /* HomeTableViewNoImageCell.m */,
				AFC92ABD1D336915001D1579 /* HomeTableViewOneImageCell.h */,
				AFC92ABE1D336915001D1579 /* HomeTableViewOneImageCell.m */,
				AFC92AB51D3368EB001D1579 /* HomeTableViewOneLineImagesCell.h */,
				AFC92AB61D3368EB001D1579 /* HomeTableViewOneLineImagesCell.m */,
				AFDBA4C31C839C8400E94D20 /* HomeTableViewTwoLinesImagesCell.h */,
				AFDBA4C41C839C8400E94D20 /* HomeTableViewTwoLinesImagesCell.m */,
			);
			name = View;
			sourceTree = "<group>";
		};
		AF9B0B491D6A8F17002F3118 /* View Model */ = {
			isa = PBXGroup;
			children = (
				AF985E901D4457280088ECF9 /* SocialTableViewConfigure.h */,
				AF985E911D4457280088ECF9 /* SocialTableViewConfigure.m */,
				AF212A281D2F75FF00E3B0EF /* HomeCellViewModel.h */,
				AF212A291D2F75FF00E3B0EF /* HomeCellViewModel.m */,
			);
			name = "View Model";
			sourceTree = "<group>";
		};
		AFA7DA781D5306EA009412C2 /* View */ = {
			isa = PBXGroup;
			children = (
				AF985E7F1D41DE220088ECF9 /* UserInfoTableViewController.h */,
				AF985E801D41DE220088ECF9 /* UserInfoTableViewController.m */,
				AF985E821D41DE9C0088ECF9 /* UserInfoTableViewCell.h */,
				AF985E831D41DE9C0088ECF9 /* UserInfoTableViewCell.m */,
			);
			name = View;
			sourceTree = "<group>";
		};
		AFA7DA791D5306F8009412C2 /* ViewModel */ = {
			isa = PBXGroup;
			children = (
				AFA7DA7A1D530715009412C2 /* UserInformationViewModel.h */,
				AFA7DA7B1D530715009412C2 /* UserInformationViewModel.m */,
			);
			name = ViewModel;
			sourceTree = "<group>";
		};
		AFA974D91D34A80D00F2237B /* Public API */ = {
			isa = PBXGroup;
			children = (
				AF01F9461CD6E2BB00A27CFE /* CommonAPI.h */,
				AF01F9471CD6E2BB00A27CFE /* CommonAPI.m */,
			);
			name = "Public API";
			sourceTree = "<group>";
		};
		AFAA86121C9F513A00CB8DE6 /* Main Part */ = {
			isa = PBXGroup;
			children = (
				B2BFC2D21D7F3CF800795AE9 /* Main Part View */,
				AFAA86131C9F51B400CB8DE6 /* Main Part Model */,
				AF4A61091D57E52200B8C7EA /* Different post tableView cell */,
				AF4A610A1D57E57C00B8C7EA /* Detail image show */,
				AF9B0B471D6A8E96002F3118 /* TableView All/Followings/Followers/Likes/mentions */,
				AFDBA4D51C842B8B00E94D20 /* User Info */,
				AFDBA4D21C8427DB00E94D20 /* Home */,
				AFDBA4D31C8427F400E94D20 /* Bulletin */,
				AFDBA4D41C842B5C00E94D20 /* Add Post */,
				AFAD03591CB342FC000BA038 /* InviteFriends */,
				AFDBA4D61C842BA400E94D20 /* More */,
			);
			name = "Main Part";
			sourceTree = "<group>";
		};
		AFAA86131C9F51B400CB8DE6 /* Main Part Model */ = {
			isa = PBXGroup;
			children = (
				AF2E333C1C9A135900D70A48 /* UserInfo.h */,
				AF2E333D1C9A135900D70A48 /* UserInfo.m */,
				AF2FF86B1D643EBD00850AF8 /* UserInfoNotification.h */,
				AF2FF86C1D643EBD00850AF8 /* UserInfoNotification.m */,
				AF6A3D011D754F840012F308 /* ImageManager.h */,
				AF6A3D021D754F840012F308 /* ImageManager.m */,
			);
			name = "Main Part Model";
			sourceTree = "<group>";
		};
		AFAA86151C9F528700CB8DE6 /* Login */ = {
			isa = PBXGroup;
			children = (
				AFDBA4A31C83944200E94D20 /* LoginViewController.h */,
				AFDBA4A41C83944200E94D20 /* LoginViewController.m */,
				AFE5AECA1C8A138300FD698F /* findEmailViewController.h */,
				AFE5AECB1C8A138300FD698F /* findEmailViewController.m */,
			);
			name = Login;
			sourceTree = "<group>";
		};
		AFAD03591CB342FC000BA038 /* InviteFriends */ = {
			isa = PBXGroup;
			children = (
				AFE75BCD1CB5E67C008590C7 /* Invite.storyboard */,
				AFAD035A1CB36955000BA038 /* ContactsTableViewController.h */,
				AFAD035B1CB36955000BA038 /* ContactsTableViewController.m */,
				AFAD03601CB36E3B000BA038 /* ContactsTableViewCell.h */,
				AFAD03611CB36E3B000BA038 /* ContactsTableViewCell.m */,
				AFDD3A9C1DC5DAAE001E9A75 /* PendingRequestsTableViewController.h */,
				AFDD3A9D1DC5DAAE001E9A75 /* PendingRequestsTableViewController.m */,
				AFDD3A9F1DC5DAC1001E9A75 /* PendingRequestsTableViewCell.h */,
				AFDD3AA01DC5DAC1001E9A75 /* PendingRequestsTableViewCell.m */,
			);
			name = InviteFriends;
			sourceTree = "<group>";
		};
		AFCB0CAA1C967ABA00B8F829 /* Public Controller */ = {
			isa = PBXGroup;
			children = (
				AF47DBB21C8AB0960062A9A2 /* CustomTabBarController.h */,
				AF47DBB31C8AB0960062A9A2 /* CustomTabBarController.m */,
				AFE559DA1C8D2A0800EB7075 /* CustomAlertController.h */,
				AFE559DB1C8D2A0800EB7075 /* CustomAlertController.m */,
			);
			name = "Public Controller";
			sourceTree = "<group>";
		};
		AFCB0CAB1C967C9600B8F829 /* Sign Up */ = {
			isa = PBXGroup;
			children = (
				AF6A604C1C88FB8000AF96B8 /* InfoSignUpViewController.h */,
				AF6A604D1C88FB8000AF96B8 /* InfoSignUpViewController.m */,
				AFE559E01C8D516100EB7075 /* PhotoSignUpViewController.h */,
				AFE559E11C8D516100EB7075 /* PhotoSignUpViewController.m */,
				AFE5AED51C8A324D00FD698F /* faceBookProfileViewController.h */,
				AFE5AED61C8A324D00FD698F /* faceBookProfileViewController.m */,
				AFF2A3981DF91E3300625647 /* SignUpViewController.h */,
				AFF2A3991DF91E3300625647 /* SignUpViewController.m */,
				AF8C381E1E00E8EC000B66D0 /* VerifyNumViewController.h */,
				AF8C381F1E00E8EC000B66D0 /* VerifyNumViewController.m */,
				AFF2A39B1DF91E7200625647 /* CountrySelectTableViewController.h */,
				AFF2A39C1DF91E7200625647 /* CountrySelectTableViewController.m */,
				AFF2A39E1DF920A800625647 /* CountrySelectTableViewCell.h */,
				AFF2A39F1DF920A800625647 /* CountrySelectTableViewCell.m */,
			);
			name = "Sign Up";
			sourceTree = "<group>";
		};
		AFDBA4911C83944200E94D20 = {
			isa = PBXGroup;
			children = (
				AFDBA49C1C83944200E94D20 /* Dwink */,
				AFDBA49B1C83944200E94D20 /* Products */,
				B64E8BE4F018BF02A845DF80 /* Pods */,
				AF93A51E1DF40D3700248305 /* Source */,
				356667C8CF104EF14C88F65E /* Frameworks */,
			);
			sourceTree = "<group>";
		};
		AFDBA49B1C83944200E94D20 /* Products */ = {
			isa = PBXGroup;
			children = (
				AFDBA49A1C83944200E94D20 /* Dwink.app */,
			);
			name = Products;
			sourceTree = "<group>";
		};
		AFDBA49C1C83944200E94D20 /* Dwink */ = {
			isa = PBXGroup;
			children = (
				AFDBA4A01C83944200E94D20 /* AppDelegate.h */,
				AFDBA4A11C83944200E94D20 /* AppDelegate.m */,
				AF5B83031D9E1132001B3F93 /* PublicVariables.h */,
				AF5B83041D9E1132001B3F93 /* PublicVariables.m */,
				AF212A2B1D2F82EB00E3B0EF /* PrefixHeader.pch */,
				AFE577F61D29A0FA00DFED23 /* Public View */,
				AF212A361D2F8EE700E3B0EF /* Public Model */,
				AF01F9411CD67DF600A27CFE /* Categories */,
				AF01F9421CD67E1300A27CFE /* API */,
				AFE5AEC91C8A130C00FD698F /* Login/SignUp */,
				AFAA86121C9F513A00CB8DE6 /* Main Part */,
				AFDBA49D1C83944200E94D20 /* Supporting Files */,
			);
			path = Dwink;
			sourceTree = "<group>";
		};
		AFDBA49D1C83944200E94D20 /* Supporting Files */ = {
			isa = PBXGroup;
			children = (
				AF6CE0AE1D9F9F4D0035CE3F /* Dwink.entitlements */,
				AFDBA4AC1C83944200E94D20 /* Assets.xcassets */,
				AFDBA4AE1C83944200E94D20 /* LaunchScreen.storyboard */,
				AFDBA4B11C83944200E94D20 /* Info.plist */,
				AFDBA4A91C83944200E94D20 /* Dwink.xcdatamodeld */,
				AFDBA49E1C83944200E94D20 /* main.m */,
			);
			name = "Supporting Files";
			sourceTree = "<group>";
		};
		AFDBA4D21C8427DB00E94D20 /* Home */ = {
			isa = PBXGroup;
			children = (
				AFDBA4BE1C83969E00E94D20 /* HomeTableViewController.h */,
				AFDBA4BF1C83969E00E94D20 /* HomeTableViewController.m */,
				AF06B6391D8E6AEF00FD6B7E /* UploadingHintView.h */,
				AF06B63A1D8E6AEF00FD6B7E /* UploadingHintView.m */,
			);
			name = Home;
			sourceTree = "<group>";
		};
		AFDBA4D31C8427F400E94D20 /* Bulletin */ = {
			isa = PBXGroup;
			children = (
				AFDBA4C81C8423EA00E94D20 /* BulletinTableViewController.h */,
				AFDBA4C91C8423EA00E94D20 /* BulletinTableViewController.m */,
				AFDBA4CD1C84248D00E94D20 /* BulletinTableViewCell.h */,
				AFDBA4CE1C84248D00E94D20 /* BulletinTableViewCell.m */,
				AF6F20041D7A87A600B23A97 /* BulletinModel.h */,
				AF6F20051D7A87A600B23A97 /* BulletinModel.m */,
			);
			name = Bulletin;
			sourceTree = "<group>";
		};
		AFDBA4D41C842B5C00E94D20 /* Add Post */ = {
			isa = PBXGroup;
			children = (
				B2B993AC1D79F5C50081AD45 /* CustomPostImageView.h */,
				B2B993AD1D79F5C50081AD45 /* CustomPostImageView.m */,
				AFE5AEDC1C8A53E200FD698F /* CreatePostViewController.h */,
				AFE5AEDD1C8A53E200FD698F /* CreatePostViewController.m */,
				AFE5AEDE1C8A53E200FD698F /* CreatePostViewController.xib */,
				B2BFC2D61D7F4C2A00795AE9 /* ImagePreviewViewController.h */,
				B2BFC2D71D7F4C2A00795AE9 /* ImagePreviewViewController.m */,
			);
			name = "Add Post";
			sourceTree = "<group>";
		};
		AFDBA4D51C842B8B00E94D20 /* User Info */ = {
			isa = PBXGroup;
			children = (
				AF9B0B4C1D6A930E002F3118 /* UserInfo.storyboard */,
				AFA7DA781D5306EA009412C2 /* View */,
				AFA7DA791D5306F8009412C2 /* ViewModel */,
				AF60E55C1D6D3AAB00A12574 /* Comment */,
				AFFF6ACA1D658779008284F8 /* DetailViewControllers */,
			);
			name = "User Info";
			sourceTree = "<group>";
		};
		AFDBA4D61C842BA400E94D20 /* More */ = {
			isa = PBXGroup;
			children = (
				AF47DBC11C8AC4470062A9A2 /* CustomStoryboard.storyboard */,
				AF47DBC31C8AC7450062A9A2 /* MoreTableViewController.h */,
				AF47DBC41C8AC7450062A9A2 /* MoreTableViewController.m */,
				AFC92AB21D335CAC001D1579 /* ResetPasswordViewController.h */,
				AFC92AB31D335CAC001D1579 /* ResetPasswordViewController.m */,
				AFAD03521CB301E6000BA038 /* ReportProblemViewController.h */,
				AFAD03531CB301E6000BA038 /* ReportProblemViewController.m */,
				B279650D1D8B6DE900F157A5 /* BlockedTableViewController.h */,
				B279650E1D8B6DE900F157A5 /* BlockedTableViewController.m */,
				B27965101D8B6E0400F157A5 /* BlockedTableViewCell.h */,
				B27965111D8B6E0400F157A5 /* BlockedTableViewCell.m */,
			);
			name = More;
			sourceTree = "<group>";
		};
		AFE577F61D29A0FA00DFED23 /* Public View */ = {
			isa = PBXGroup;
			children = (
				B243BC751D9DC2FC004CD360 /* DesignableUIKit.h */,
				B243BC761D9DC2FC004CD360 /* DesignableUIKit.m */,
				AFCB0CAA1C967ABA00B8F829 /* Public Controller */,
			);
			name = "Public View";
			sourceTree = "<group>";
		};
		AFE5AEC91C8A130C00FD698F /* Login/SignUp */ = {
			isa = PBXGroup;
			children = (
				B243BC8A1D9DE422004CD360 /* LoginSignUp.storyboard */,
				AFAA86151C9F528700CB8DE6 /* Login */,
				AFCB0CAB1C967C9600B8F829 /* Sign Up */,
			);
			name = Login/SignUp;
			sourceTree = "<group>";
		};
		AFFF6ACA1D658779008284F8 /* DetailViewControllers */ = {
			isa = PBXGroup;
			children = (
				AFA7DA7F1D55BB49009412C2 /* EditProfileTableViewController.h */,
				AFA7DA801D55BB49009412C2 /* EditProfileTableViewController.m */,
				AFFF6ACB1D65878D008284F8 /* PointsViewController.h */,
				AFFF6ACC1D65878D008284F8 /* PointsViewController.m */,
			);
			name = DetailViewControllers;
			sourceTree = "<group>";
		};
		B2BFC2D21D7F3CF800795AE9 /* Main Part View */ = {
			isa = PBXGroup;
			children = (
				B2BFC2D31D7F3D1000795AE9 /* FollowButton.h */,
				B2BFC2D41D7F3D1000795AE9 /* FollowButton.m */,
				B2A628A21D8B556F00FE8C7A /* CustomIndicator.h */,
				B2A628A31D8B556F00FE8C7A /* CustomIndicator.m */,
			);
			name = "Main Part View";
			sourceTree = "<group>";
		};
		B64E8BE4F018BF02A845DF80 /* Pods */ = {
			isa = PBXGroup;
			children = (
				AFE5AEDA1C8A35B900FD698F /* Podfile */,
				AF242A7A1CD5BAA700C9E5C2 /* .gitignore */,
				71CA2F41E08D8E9C559C8793 /* Pods-Dwink.debug.xcconfig */,
				02173919AE049AF52D3E6EF0 /* Pods-Dwink.release.xcconfig */,
			);
			name = Pods;
			sourceTree = "<group>";
		};
/* End PBXGroup section */

/* Begin PBXNativeTarget section */
		AFDBA4991C83944200E94D20 /* Dwink */ = {
			isa = PBXNativeTarget;
			buildConfigurationList = AFDBA4B41C83944200E94D20 /* Build configuration list for PBXNativeTarget "Dwink" */;
			buildPhases = (
				529882AC3DF7FC4D0C01DCED /* [CP] Check Pods Manifest.lock */,
				AFDBA4961C83944200E94D20 /* Sources */,
				AFDBA4971C83944200E94D20 /* Frameworks */,
				AFDBA4981C83944200E94D20 /* Resources */,
				AFE5780D1D2C914300DFED23 /* Run Script */,
				84C7F33466484CAE2F19A36F /* [CP] Embed Pods Frameworks */,
				A672D9BC05EE04EFD00A3422 /* [CP] Copy Pods Resources */,
			);
			buildRules = (
			);
			dependencies = (
			);
			name = Dwink;
			productName = Dwink;
			productReference = AFDBA49A1C83944200E94D20 /* Dwink.app */;
			productType = "com.apple.product-type.application";
		};
/* End PBXNativeTarget section */

/* Begin PBXProject section */
		AFDBA4921C83944200E94D20 /* Project object */ = {
			isa = PBXProject;
			attributes = {
				LastUpgradeCheck = 0800;
				ORGANIZATIONNAME = Dwink;
				TargetAttributes = {
					AFDBA4991C83944200E94D20 = {
						CreatedOnToolsVersion = 7.2.1;
						DevelopmentTeam = LPRD99FQ39;
						ProvisioningStyle = Automatic;
						SystemCapabilities = {
							com.apple.BackgroundModes = {
								enabled = 1;
							};
							com.apple.Push = {
								enabled = 1;
							};
						};
					};
				};
			};
			buildConfigurationList = AFDBA4951C83944200E94D20 /* Build configuration list for PBXProject "Dwink" */;
			compatibilityVersion = "Xcode 3.2";
			developmentRegion = English;
			hasScannedForEncodings = 0;
			knownRegions = (
				en,
				Base,
			);
			mainGroup = AFDBA4911C83944200E94D20;
			productRefGroup = AFDBA49B1C83944200E94D20 /* Products */;
			projectDirPath = "";
			projectRoot = "";
			targets = (
				AFDBA4991C83944200E94D20 /* Dwink */,
			);
		};
/* End PBXProject section */

/* Begin PBXResourcesBuildPhase section */
		AFDBA4981C83944200E94D20 /* Resources */ = {
			isa = PBXResourcesBuildPhase;
			buildActionMask = 2147483647;
			files = (
				B243BC8B1D9DE422004CD360 /* LoginSignUp.storyboard in Resources */,
				AF93A5201DF40D6000248305 /* CountriesWithPhoneCodes.plist in Resources */,
				AF9B0B4D1D6A930E002F3118 /* UserInfo.storyboard in Resources */,
				AFE5AEE01C8A53E200FD698F /* CreatePostViewController.xib in Resources */,
				AFDBA4B01C83944200E94D20 /* LaunchScreen.storyboard in Resources */,
				AF242A7B1CD5BAA700C9E5C2 /* .gitignore in Resources */,
				AFE5AEDB1C8A35B900FD698F /* Podfile in Resources */,
				AF47DBC21C8AC4470062A9A2 /* CustomStoryboard.storyboard in Resources */,
				AFE75BCE1CB5E67C008590C7 /* Invite.storyboard in Resources */,
				AFA3B66B1C91380E006C7137 /* Assets.xcassets in Resources */,
			);
			runOnlyForDeploymentPostprocessing = 0;
		};
/* End PBXResourcesBuildPhase section */

/* Begin PBXShellScriptBuildPhase section */
		529882AC3DF7FC4D0C01DCED /* [CP] Check Pods Manifest.lock */ = {
			isa = PBXShellScriptBuildPhase;
			buildActionMask = 2147483647;
			files = (
			);
			inputPaths = (
			);
			name = "[CP] Check Pods Manifest.lock";
			outputPaths = (
			);
			runOnlyForDeploymentPostprocessing = 0;
			shellPath = /bin/sh;
			shellScript = "diff \"${PODS_ROOT}/../Podfile.lock\" \"${PODS_ROOT}/Manifest.lock\" > /dev/null\nif [ $? != 0 ] ; then\n    # print error to STDERR\n    echo \"error: The sandbox is not in sync with the Podfile.lock. Run 'pod install' or update your CocoaPods installation.\" >&2\n    exit 1\nfi\n";
			showEnvVarsInLog = 0;
		};
		84C7F33466484CAE2F19A36F /* [CP] Embed Pods Frameworks */ = {
			isa = PBXShellScriptBuildPhase;
			buildActionMask = 2147483647;
			files = (
			);
			inputPaths = (
			);
			name = "[CP] Embed Pods Frameworks";
			outputPaths = (
			);
			runOnlyForDeploymentPostprocessing = 0;
			shellPath = /bin/sh;
			shellScript = "\"${SRCROOT}/Pods/Target Support Files/Pods-Dwink/Pods-Dwink-frameworks.sh\"\n";
			showEnvVarsInLog = 0;
		};
		A672D9BC05EE04EFD00A3422 /* [CP] Copy Pods Resources */ = {
			isa = PBXShellScriptBuildPhase;
			buildActionMask = 2147483647;
			files = (
			);
			inputPaths = (
			);
			name = "[CP] Copy Pods Resources";
			outputPaths = (
			);
			runOnlyForDeploymentPostprocessing = 0;
			shellPath = /bin/sh;
			shellScript = "\"${SRCROOT}/Pods/Target Support Files/Pods-Dwink/Pods-Dwink-resources.sh\"\n";
			showEnvVarsInLog = 0;
		};
		AFE5780D1D2C914300DFED23 /* Run Script */ = {
			isa = PBXShellScriptBuildPhase;
			buildActionMask = 2147483647;
			files = (
			);
			inputPaths = (
			);
			name = "Run Script";
			outputPaths = (
			);
			runOnlyForDeploymentPostprocessing = 0;
			shellPath = /bin/sh;
			shellScript = "\"${PODS_ROOT}/Fabric/run\" 8b1ffe8ddd6736a4c3bd892f971dcddb44a7b4c5 81865fc4be68129b80e68cc3cdd42d63fc22b127098d2ac8f68c4fe260fa504f";
		};
/* End PBXShellScriptBuildPhase section */

/* Begin PBXSourcesBuildPhase section */
		AFDBA4961C83944200E94D20 /* Sources */ = {
			isa = PBXSourcesBuildPhase;
			buildActionMask = 2147483647;
			files = (
				AF4A61141D58654F00B8C7EA /* DetailImageNavController.m in Sources */,
				AF6A3D031D754F840012F308 /* ImageManager.m in Sources */,
				AFFF6ACD1D65878D008284F8 /* PointsViewController.m in Sources */,
				AFE5AECD1C8A138300FD698F /* findEmailViewController.m in Sources */,
				AFD372041D90D01900E77BF2 /* MentionTableViewCell.m in Sources */,
				B279650F1D8B6DE900F157A5 /* BlockedTableViewController.m in Sources */,
				B2B993AE1D79F5C50081AD45 /* CustomPostImageView.m in Sources */,
				AFAD035C1CB36955000BA038 /* ContactsTableViewController.m in Sources */,
				B243BC7C1D9DCE25004CD360 /* FoundationCategories.m in Sources */,
				AF47DBB51C8AB0960062A9A2 /* CustomTabBarController.m in Sources */,
				AFA7DA811D55BB49009412C2 /* EditProfileTableViewController.m in Sources */,
				AFAD03701CB3766B000BA038 /* DwinkUsersTableViewCell.m in Sources */,
				AF985E921D4457280088ECF9 /* SocialTableViewConfigure.m in Sources */,
				AFAA861B1C9F870D00CB8DE6 /* SignUpAPI.m in Sources */,
				AF212A311D2F875000E3B0EF /* CoreDataProcessor.m in Sources */,
				AF2FF86D1D643EBD00850AF8 /* UserInfoNotification.m in Sources */,
				AF2E333E1C9A135900D70A48 /* UserInfo.m in Sources */,
				AF6A604F1C88FB8000AF96B8 /* InfoSignUpViewController.m in Sources */,
				AFDBA4A51C83944200E94D20 /* LoginViewController.m in Sources */,
				B2BFC2D81D7F4C2A00795AE9 /* ImagePreviewViewController.m in Sources */,
				AFF2A39A1DF91E3300625647 /* SignUpViewController.m in Sources */,
				AF08286A1C8E6B7E008BF310 /* LoginAPI.m in Sources */,
				AF2E33381C9A062500D70A48 /* SocialAPI.m in Sources */,
				AF985E8A1D41DEAE0088ECF9 /* CommentTableViewCell.m in Sources */,
				AF5B83051D9E1132001B3F93 /* PublicVariables.m in Sources */,
				B27965121D8B6E0400F157A5 /* BlockedTableViewCell.m in Sources */,
				AFE559E31C8D516100EB7075 /* PhotoSignUpViewController.m in Sources */,
				AF985E811D41DE220088ECF9 /* UserInfoTableViewController.m in Sources */,
				B243BC7F1D9DCEB8004CD360 /* UIKitCategories.m in Sources */,
				AFE559DC1C8D2A0800EB7075 /* CustomAlertController.m in Sources */,
				AFAD03541CB301E6000BA038 /* ReportProblemViewController.m in Sources */,
				AFE5AEDF1C8A53E200FD698F /* CreatePostViewController.m in Sources */,
				AFDBA4C11C83969E00E94D20 /* HomeTableViewController.m in Sources */,
				AFC92AB81D3368EB001D1579 /* HomeTableViewOneLineImagesCell.m in Sources */,
				B243BC821D9DD4A0004CD360 /* ImageAPI.m in Sources */,
				B2BFC2D51D7F3D1000795AE9 /* FollowButton.m in Sources */,
				B243BC851D9DD81E004CD360 /* SocialAPI+UnpagedAPICategory.m in Sources */,
				AFDBA4CB1C8423EA00E94D20 /* BulletinTableViewController.m in Sources */,
				AFF2A3A01DF920A800625647 /* CountrySelectTableViewCell.m in Sources */,
				AF01F9481CD6E2BB00A27CFE /* CommonAPI.m in Sources */,
				B2EE2CFF1D78B96B0026FF23 /* LoadingTableViewCell.m in Sources */,
				AFAD03631CB36E3B000BA038 /* ContactsTableViewCell.m in Sources */,
				AF985E851D41DE9C0088ECF9 /* UserInfoTableViewCell.m in Sources */,
				AFDBA4C61C839C8400E94D20 /* HomeTableViewTwoLinesImagesCell.m in Sources */,
				AF212A351D2F8CDD00E3B0EF /* UserAuthorizationManager.m in Sources */,
				AFDBA4D01C84248D00E94D20 /* BulletinTableViewCell.m in Sources */,
				AF47DBC51C8AC7450062A9A2 /* MoreTableViewController.m in Sources */,
				AFDBA4A21C83944200E94D20 /* AppDelegate.m in Sources */,
				AF06B63B1D8E6AEF00FD6B7E /* UploadingHintView.m in Sources */,
				AFF2A39D1DF91E7200625647 /* CountrySelectTableViewController.m in Sources */,
				AFDD3AA11DC5DAC1001E9A75 /* PendingRequestsTableViewCell.m in Sources */,
				AF212A2A1D2F75FF00E3B0EF /* HomeCellViewModel.m in Sources */,
				B2D177E11D7A092500CD5B32 /* DetailImageViewModel.m in Sources */,
				B2A628A41D8B556F00FE8C7A /* CustomIndicator.m in Sources */,
				AFC92AC01D336915001D1579 /* HomeTableViewOneImageCell.m in Sources */,
				AF6F20061D7A87A600B23A97 /* BulletinModel.m in Sources */,
				B243BC771D9DC2FC004CD360 /* DesignableUIKit.m in Sources */,
				AFA7DA7C1D530715009412C2 /* UserInformationViewModel.m in Sources */,
				AF5B83081D9E135F001B3F93 /* HomeTableViewNoImageCell.m in Sources */,
				AFDD3A9E1DC5DAAE001E9A75 /* PendingRequestsTableViewController.m in Sources */,
				AF8C38201E00E8EC000B66D0 /* VerifyNumViewController.m in Sources */,
				AFDBA49F1C83944200E94D20 /* main.m in Sources */,
				AFE5AED81C8A324D00FD698F /* faceBookProfileViewController.m in Sources */,
				AF4A610D1D57E67F00B8C7EA /* DetailImageViewController.m in Sources */,
				AFC92AB41D335CAC001D1579 /* ResetPasswordViewController.m in Sources */,
				AFAD036C1CB3765C000BA038 /* DwinkUsersTableViewController.m in Sources */,
				AFDBA4AB1C83944200E94D20 /* Dwink.xcdatamodeld in Sources */,
				AF985E8E1D41DF7F0088ECF9 /* FunctionAPI.m in Sources */,
				AF60E55F1D6D3ACE00A12574 /* CommentModel.m in Sources */,
			);
			runOnlyForDeploymentPostprocessing = 0;
		};
/* End PBXSourcesBuildPhase section */

/* Begin PBXVariantGroup section */
		AFDBA4AE1C83944200E94D20 /* LaunchScreen.storyboard */ = {
			isa = PBXVariantGroup;
			children = (
				AFDBA4AF1C83944200E94D20 /* Base */,
			);
			name = LaunchScreen.storyboard;
			sourceTree = "<group>";
		};
/* End PBXVariantGroup section */

/* Begin XCBuildConfiguration section */
		AFDBA4B21C83944200E94D20 /* Debug */ = {
			isa = XCBuildConfiguration;
			buildSettings = {
				ALWAYS_SEARCH_USER_PATHS = NO;
				CLANG_CXX_LANGUAGE_STANDARD = "gnu++0x";
				CLANG_CXX_LIBRARY = "libc++";
				CLANG_ENABLE_MODULES = YES;
				CLANG_ENABLE_OBJC_ARC = YES;
				CLANG_WARN_BOOL_CONVERSION = YES;
				CLANG_WARN_CONSTANT_CONVERSION = YES;
				CLANG_WARN_DIRECT_OBJC_ISA_USAGE = YES_ERROR;
				CLANG_WARN_EMPTY_BODY = YES;
				CLANG_WARN_ENUM_CONVERSION = YES;
				CLANG_WARN_INFINITE_RECURSION = YES;
				CLANG_WARN_INT_CONVERSION = YES;
				CLANG_WARN_OBJC_ROOT_CLASS = YES_ERROR;
				CLANG_WARN_SUSPICIOUS_MOVE = YES;
				CLANG_WARN_UNREACHABLE_CODE = YES;
				CLANG_WARN__DUPLICATE_METHOD_MATCH = YES;
				CODE_SIGN_IDENTITY = "iPhone Developer: Chengzhi Jia (6M3L5GBX9N)";
				"CODE_SIGN_IDENTITY[sdk=iphoneos*]" = "iPhone Developer: Chengzhi Jia (6M3L5GBX9N)";
				COPY_PHASE_STRIP = NO;
				DEBUG_INFORMATION_FORMAT = "dwarf-with-dsym";
				ENABLE_STRICT_OBJC_MSGSEND = YES;
				ENABLE_TESTABILITY = YES;
				GCC_C_LANGUAGE_STANDARD = gnu99;
				GCC_DYNAMIC_NO_PIC = NO;
				GCC_NO_COMMON_BLOCKS = YES;
				GCC_OPTIMIZATION_LEVEL = 0;
				GCC_PREPROCESSOR_DEFINITIONS = (
					"DEBUG=1",
					"$(inherited)",
				);
				GCC_WARN_64_TO_32_BIT_CONVERSION = YES;
				GCC_WARN_ABOUT_RETURN_TYPE = YES_ERROR;
				GCC_WARN_UNDECLARED_SELECTOR = YES;
				GCC_WARN_UNINITIALIZED_AUTOS = YES_AGGRESSIVE;
				GCC_WARN_UNUSED_FUNCTION = YES;
				GCC_WARN_UNUSED_VARIABLE = YES;
				IPHONEOS_DEPLOYMENT_TARGET = 9.0;
				MTL_ENABLE_DEBUG_INFO = YES;
				ONLY_ACTIVE_ARCH = YES;
				PROVISIONING_PROFILE = "";
				SDKROOT = iphoneos;
			};
			name = Debug;
		};
		AFDBA4B31C83944200E94D20 /* Release */ = {
			isa = XCBuildConfiguration;
			buildSettings = {
				ALWAYS_SEARCH_USER_PATHS = NO;
				CLANG_CXX_LANGUAGE_STANDARD = "gnu++0x";
				CLANG_CXX_LIBRARY = "libc++";
				CLANG_ENABLE_MODULES = YES;
				CLANG_ENABLE_OBJC_ARC = YES;
				CLANG_WARN_BOOL_CONVERSION = YES;
				CLANG_WARN_CONSTANT_CONVERSION = YES;
				CLANG_WARN_DIRECT_OBJC_ISA_USAGE = YES_ERROR;
				CLANG_WARN_EMPTY_BODY = YES;
				CLANG_WARN_ENUM_CONVERSION = YES;
				CLANG_WARN_INFINITE_RECURSION = YES;
				CLANG_WARN_INT_CONVERSION = YES;
				CLANG_WARN_OBJC_ROOT_CLASS = YES_ERROR;
				CLANG_WARN_SUSPICIOUS_MOVE = YES;
				CLANG_WARN_UNREACHABLE_CODE = YES;
				CLANG_WARN__DUPLICATE_METHOD_MATCH = YES;
				CODE_SIGN_IDENTITY = "iPhone Developer: Chengzhi Jia (6M3L5GBX9N)";
				"CODE_SIGN_IDENTITY[sdk=iphoneos*]" = "iPhone Developer: Chengzhi Jia (6M3L5GBX9N)";
				COPY_PHASE_STRIP = NO;
				DEBUG_INFORMATION_FORMAT = "dwarf-with-dsym";
				ENABLE_NS_ASSERTIONS = NO;
				ENABLE_STRICT_OBJC_MSGSEND = YES;
				GCC_C_LANGUAGE_STANDARD = gnu99;
				GCC_NO_COMMON_BLOCKS = YES;
				GCC_WARN_64_TO_32_BIT_CONVERSION = YES;
				GCC_WARN_ABOUT_RETURN_TYPE = YES_ERROR;
				GCC_WARN_UNDECLARED_SELECTOR = YES;
				GCC_WARN_UNINITIALIZED_AUTOS = YES_AGGRESSIVE;
				GCC_WARN_UNUSED_FUNCTION = YES;
				GCC_WARN_UNUSED_VARIABLE = YES;
				IPHONEOS_DEPLOYMENT_TARGET = 9.0;
				MTL_ENABLE_DEBUG_INFO = NO;
				PROVISIONING_PROFILE = "";
				SDKROOT = iphoneos;
				VALIDATE_PRODUCT = YES;
			};
			name = Release;
		};
		AFDBA4B51C83944200E94D20 /* Debug */ = {
			isa = XCBuildConfiguration;
			baseConfigurationReference = 71CA2F41E08D8E9C559C8793 /* Pods-Dwink.debug.xcconfig */;
			buildSettings = {
				ASSETCATALOG_COMPILER_APPICON_NAME = AppIcon;
				CLANG_ALLOW_NON_MODULAR_INCLUDES_IN_FRAMEWORK_MODULES = YES;
				CODE_SIGN_ENTITLEMENTS = Dwink/Dwink.entitlements;
				CODE_SIGN_IDENTITY = "iPhone Developer: Chengzhi Jia (6M3L5GBX9N)";
				"CODE_SIGN_IDENTITY[sdk=iphoneos*]" = "iPhone Developer";
				DEBUG_INFORMATION_FORMAT = "dwarf-with-dsym";
				DEVELOPMENT_TEAM = LPRD99FQ39;
				FRAMEWORK_SEARCH_PATHS = "$(inherited)";
				GCC_PRECOMPILE_PREFIX_HEADER = YES;
				GCC_PREFIX_HEADER = "$(SRCROOT)/PrefixHeader.pch";
				INFOPLIST_FILE = Dwink/Info.plist;
				IPHONEOS_DEPLOYMENT_TARGET = 9.0;
				LD_RUNPATH_SEARCH_PATHS = "$(inherited) @executable_path/Frameworks";
				LIBRARY_SEARCH_PATHS = "";
				OTHER_CFLAGS = (
					"$(inherited)",
					"-iquote",
					"\"$CONFIGURATION_BUILD_DIR/AFNetworking.framework/Headers\"",
					"-iquote",
					"\"$CONFIGURATION_BUILD_DIR/AWSCore.framework/Headers\"",
					"-iquote",
					"\"$CONFIGURATION_BUILD_DIR/AWSS3.framework/Headers\"",
					"-iquote",
					"\"$CONFIGURATION_BUILD_DIR/Bolts.framework/Headers\"",
					"-iquote",
					"\"$CONFIGURATION_BUILD_DIR/FBSDKCoreKit.framework/Headers\"",
					"-iquote",
					"\"$CONFIGURATION_BUILD_DIR/FBSDKLoginKit.framework/Headers\"",
					"-iquote",
					"\"$CONFIGURATION_BUILD_DIR/FBSDKShareKit.framework/Headers\"",
					"-iquote",
					"\"$CONFIGURATION_BUILD_DIR/MBProgressHUD.framework/Headers\"",
					"-iquote",
					"\"$CONFIGURATION_BUILD_DIR/MJRefresh.framework/Headers\"",
					"-iquote",
					"\"$CONFIGURATION_BUILD_DIR/Masonry.framework/Headers\"",
					"-iquote",
					"\"$CONFIGURATION_BUILD_DIR/Parse.framework/Headers\"",
					"-iquote",
					"\"$CONFIGURATION_BUILD_DIR/SDWebImage.framework/Headers\"",
					"-isystem",
					"\"${PODS_ROOT}/Headers/Public\"",
					"-isystem",
					"\"${PODS_ROOT}/Headers/Public/Crashlytics\"",
					"-isystem",
					"\"${PODS_ROOT}/Headers/Public/Crashlytics/Crashlytics\"",
					"-isystem",
					"\"${PODS_ROOT}/Headers/Public/Fabric\"",
					"-isystem",
					"\"${PODS_ROOT}/Headers/Public/Fabric/Fabric\"",
				);
				OTHER_LDFLAGS = (
					"$(inherited)",
					"-framework",
					"\"AFNetworking\"",
					"-framework",
					"\"AWSCore\"",
					"-framework",
					"\"AWSS3\"",
					"-framework",
					"\"Bolts\"",
					"-framework",
					"\"FBSDKCoreKit\"",
					"-framework",
					"\"FBSDKLoginKit\"",
					"-framework",
					"\"FBSDKShareKit\"",
					"-framework",
					"\"MBProgressHUD\"",
					"-framework",
					"\"Parse\"",
					"-framework",
					"\"SDWebImage\"",
					"-ObjC",
				);
				PRODUCT_BUNDLE_IDENTIFIER = ChengzhiJia.ObEN.Talk2Singing;
				PRODUCT_NAME = "$(TARGET_NAME)";
				PROVISIONING_PROFILE = "";
				PROVISIONING_PROFILE_SPECIFIER = "";
				TARGETED_DEVICE_FAMILY = 1;
			};
			name = Debug;
		};
		AFDBA4B61C83944200E94D20 /* Release */ = {
			isa = XCBuildConfiguration;
			baseConfigurationReference = 02173919AE049AF52D3E6EF0 /* Pods-Dwink.release.xcconfig */;
			buildSettings = {
				ASSETCATALOG_COMPILER_APPICON_NAME = AppIcon;
				CLANG_ALLOW_NON_MODULAR_INCLUDES_IN_FRAMEWORK_MODULES = YES;
				CODE_SIGN_ENTITLEMENTS = Dwink/Dwink.entitlements;
				CODE_SIGN_IDENTITY = "iPhone Developer: Chengzhi Jia (6M3L5GBX9N)";
				"CODE_SIGN_IDENTITY[sdk=iphoneos*]" = "iPhone Developer";
				DEVELOPMENT_TEAM = LPRD99FQ39;
				FRAMEWORK_SEARCH_PATHS = (
					"$(inherited)",
					"$(PROJECT_DIR)",
				);
				GCC_PRECOMPILE_PREFIX_HEADER = YES;
				GCC_PREFIX_HEADER = "$(SRCROOT)/PrefixHeader.pch";
				INFOPLIST_FILE = Dwink/Info.plist;
				IPHONEOS_DEPLOYMENT_TARGET = 9.0;
				LD_RUNPATH_SEARCH_PATHS = "$(inherited) @executable_path/Frameworks";
				LIBRARY_SEARCH_PATHS = "";
				OTHER_CFLAGS = (
					"$(inherited)",
					"-iquote",
					"\"$CONFIGURATION_BUILD_DIR/AFNetworking.framework/Headers\"",
					"-iquote",
					"\"$CONFIGURATION_BUILD_DIR/AWSCore.framework/Headers\"",
					"-iquote",
					"\"$CONFIGURATION_BUILD_DIR/AWSS3.framework/Headers\"",
					"-iquote",
					"\"$CONFIGURATION_BUILD_DIR/Bolts.framework/Headers\"",
					"-iquote",
					"\"$CONFIGURATION_BUILD_DIR/FBSDKCoreKit.framework/Headers\"",
					"-iquote",
					"\"$CONFIGURATION_BUILD_DIR/FBSDKLoginKit.framework/Headers\"",
					"-iquote",
					"\"$CONFIGURATION_BUILD_DIR/FBSDKShareKit.framework/Headers\"",
					"-iquote",
					"\"$CONFIGURATION_BUILD_DIR/MBProgressHUD.framework/Headers\"",
					"-iquote",
					"\"$CONFIGURATION_BUILD_DIR/MJRefresh.framework/Headers\"",
					"-iquote",
					"\"$CONFIGURATION_BUILD_DIR/Masonry.framework/Headers\"",
					"-iquote",
					"\"$CONFIGURATION_BUILD_DIR/Parse.framework/Headers\"",
					"-iquote",
					"\"$CONFIGURATION_BUILD_DIR/SDWebImage.framework/Headers\"",
					"-isystem",
					"\"${PODS_ROOT}/Headers/Public\"",
					"-isystem",
					"\"${PODS_ROOT}/Headers/Public/Crashlytics\"",
					"-isystem",
					"\"${PODS_ROOT}/Headers/Public/Crashlytics/Crashlytics\"",
					"-isystem",
					"\"${PODS_ROOT}/Headers/Public/Fabric\"",
					"-isystem",
					"\"${PODS_ROOT}/Headers/Public/Fabric/Fabric\"",
				);
				OTHER_LDFLAGS = (
					"$(inherited)",
					"-framework",
					"\"AFNetworking\"",
					"-framework",
					"\"AWSCore\"",
					"-framework",
					"\"AWSS3\"",
					"-framework",
					"\"Bolts\"",
					"-framework",
					"\"FBSDKCoreKit\"",
					"-framework",
					"\"FBSDKLoginKit\"",
					"-framework",
					"\"FBSDKShareKit\"",
					"-framework",
					"\"MBProgressHUD\"",
					"-framework",
					"\"Parse\"",
					"-framework",
					"\"SDWebImage\"",
					"-ObjC",
				);
				PRODUCT_BUNDLE_IDENTIFIER = ChengzhiJia.ObEN.Talk2Singing;
				PRODUCT_NAME = "$(TARGET_NAME)";
				PROVISIONING_PROFILE = "";
				PROVISIONING_PROFILE_SPECIFIER = "";
				TARGETED_DEVICE_FAMILY = 1;
			};
			name = Release;
		};
/* End XCBuildConfiguration section */

/* Begin XCConfigurationList section */
		AFDBA4951C83944200E94D20 /* Build configuration list for PBXProject "Dwink" */ = {
			isa = XCConfigurationList;
			buildConfigurations = (
				AFDBA4B21C83944200E94D20 /* Debug */,
				AFDBA4B31C83944200E94D20 /* Release */,
			);
			defaultConfigurationIsVisible = 0;
			defaultConfigurationName = Release;
		};
		AFDBA4B41C83944200E94D20 /* Build configuration list for PBXNativeTarget "Dwink" */ = {
			isa = XCConfigurationList;
			buildConfigurations = (
				AFDBA4B51C83944200E94D20 /* Debug */,
				AFDBA4B61C83944200E94D20 /* Release */,
			);
			defaultConfigurationIsVisible = 0;
			defaultConfigurationName = Release;
		};
/* End XCConfigurationList section */

/* Begin XCVersionGroup section */
		AFDBA4A91C83944200E94D20 /* Dwink.xcdatamodeld */ = {
			isa = XCVersionGroup;
			children = (
				AFDBA4AA1C83944200E94D20 /* Dwink.xcdatamodel */,
			);
			currentVersion = AFDBA4AA1C83944200E94D20 /* Dwink.xcdatamodel */;
			path = Dwink.xcdatamodeld;
			sourceTree = "<group>";
			versionGroupType = wrapper.xcdatamodel;
		};
/* End XCVersionGroup section */
	};
	rootObject = AFDBA4921C83944200E94D20 /* Project object */;
}
